
Microsoft Visual Studio Solution File, Format Version 12.00
# Visual Studio Version 17
VisualStudioVersion = 17.4.33213.308
MinimumVisualStudioVersion = 10.0.40219.1
Project("{FAE04EC0-301F-11D3-BF4B-00C04F79EFBC}") = "Tip Calculator.UWP", "Tip Calculator\Tip Calculator.UWP\Tip Calculator.UWP.csproj", "{3ECB8A7D-4BB2-4D67-A4E1-2C4C7760C4EF}"
EndProject
Project("{FAE04EC0-301F-11D3-BF4B-00C04F79EFBC}") = "Tip Calculator.Android", "Tip Calculator\Tip Calculator.Android\Tip Calculator.Android.csproj", "{10467A05-0882-4ECA-97A0-6964EDA1F899}"
EndProject
Project("{FAE04EC0-301F-11D3-BF4B-00C04F79EFBC}") = "Tip Calculator.iOS", "Tip Calculator\Tip Calculator.iOS\Tip Calculator.iOS.csproj", "{BD3DA57D-EF23-4272-97C3-FBA967EACC9A}"
EndProject
Project("{FAE04EC0-301F-11D3-BF4B-00C04F79EFBC}") = "Tip Calculator", "Tip Calculator\Tip Calculator\Tip Calculator.csproj", "{1D8162D4-4A13-4F1D-9AE0-024529F9486C}"
EndProject
Global
	GlobalSection(SolutionConfigurationPlatforms) = preSolution
		Debug|Any CPU = Debug|Any CPU
		Debug|ARM = Debug|ARM
		Debug|iPhone = Debug|iPhone
		Debug|iPhoneSimulator = Debug|iPhoneSimulator
		Debug|x64 = Debug|x64
		Debug|x86 = Debug|x86
		Release|Any CPU = Release|Any CPU
		Release|ARM = Release|ARM
		Release|iPhone = Release|iPhone
		Release|iPhoneSimulator = Release|iPhoneSimulator
		Release|x64 = Release|x64
		Release|x86 = Release|x86
	EndGlobalSection
	GlobalSection(ProjectConfigurationPlatforms) = postSolution
		{3ECB8A7D-4BB2-4D67-A4E1-2C4C7760C4EF}.Debug|Any CPU.ActiveCfg = Debug|x64
		{3ECB8A7D-4BB2-4D67-A4E1-2C4C7760C4EF}.Debug|Any CPU.Build.0 = Debug|x64
		{3ECB8A7D-4BB2-4D67-A4E1-2C4C7760C4EF}.Debug|Any CPU.Deploy.0 = Debug|x64
		{3ECB8A7D-4BB2-4D67-A4E1-2C4C7760C4EF}.Debug|ARM.ActiveCfg = Debug|ARM
		{3ECB8A7D-4BB2-4D67-A4E1-2C4C7760C4EF}.Debug|ARM.Build.0 = Debug|ARM
		{3ECB8A7D-4BB2-4D67-A4E1-2C4C7760C4EF}.Debug|ARM.Deploy.0 = Debug|ARM
		{3ECB8A7D-4BB2-4D67-A4E1-2C4C7760C4EF}.Debug|iPhone.ActiveCfg = Debug|x64
		{3ECB8A7D-4BB2-4D67-A4E1-2C4C7760C4EF}.Debug|iPhone.Build.0 = Debug|x64
		{3ECB8A7D-4BB2-4D67-A4E1-2C4C7760C4EF}.Debug|iPhone.Deploy.0 = Debug|x64
		{3ECB8A7D-4BB2-4D67-A4E1-2C4C7760C4EF}.Debug|iPhoneSimulator.ActiveCfg = Debug|x64
		{3ECB8A7D-4BB2-4D67-A4E1-2C4C7760C4EF}.Debug|iPhoneSimulator.Build.0 = Debug|x64
		{3ECB8A7D-4BB2-4D67-A4E1-2C4C7760C4EF}.Debug|iPhoneSimulator.Deploy.0 = Debug|x64
		{3ECB8A7D-4BB2-4D67-A4E1-2C4C7760C4EF}.Debug|x64.ActiveCfg = Debug|x64
		{3ECB8A7D-4BB2-4D67-A4E1-2C4C7760C4EF}.Debug|x64.Build.0 = Debug|x64
		{3ECB8A7D-4BB2-4D67-A4E1-2C4C7760C4EF}.Debug|x64.Deploy.0 = Debug|x64
		{3ECB8A7D-4BB2-4D67-A4E1-2C4C7760C4EF}.Debug|x86.ActiveCfg = Debug|x86
		{3ECB8A7D-4BB2-4D67-A4E1-2C4C7760C4EF}.Debug|x86.Build.0 = Debug|x86
		{3ECB8A7D-4BB2-4D67-A4E1-2C4C7760C4EF}.Debug|x86.Deploy.0 = Debug|x86
		{3ECB8A7D-4BB2-4D67-A4E1-2C4C7760C4EF}.Release|Any CPU.ActiveCfg = Release|x64
		{3ECB8A7D-4BB2-4D67-A4E1-2C4C7760C4EF}.Release|Any CPU.Build.0 = Release|x64
		{3ECB8A7D-4BB2-4D67-A4E1-2C4C7760C4EF}.Release|Any CPU.Deploy.0 = Release|x64
		{3ECB8A7D-4BB2-4D67-A4E1-2C4C7760C4EF}.Release|ARM.ActiveCfg = Release|ARM
		{3ECB8A7D-4BB2-4D67-A4E1-2C4C7760C4EF}.Release|ARM.Build.0 = Release|ARM
		{3ECB8A7D-4BB2-4D67-A4E1-2C4C7760C4EF}.Release|ARM.Deploy.0 = Release|ARM
		{3ECB8A7D-4BB2-4D67-A4E1-2C4C7760C4EF}.Release|iPhone.ActiveCfg = Release|x64
		{3ECB8A7D-4BB2-4D67-A4E1-2C4C7760C4EF}.Release|iPhone.Build.0 = Release|x64
		{3ECB8A7D-4BB2-4D67-A4E1-2C4C7760C4EF}.Release|iPhone.Deploy.0 = Release|x64
		{3ECB8A7D-4BB2-4D67-A4E1-2C4C7760C4EF}.Release|iPhoneSimulator.ActiveCfg = Release|x64
		{3ECB8A7D-4BB2-4D67-A4E1-2C4C7760C4EF}.Release|iPhoneSimulator.Build.0 = Release|x64
		{3ECB8A7D-4BB2-4D67-A4E1-2C4C7760C4EF}.Release|iPhoneSimulator.Deploy.0 = Release|x64
		{3ECB8A7D-4BB2-4D67-A4E1-2C4C7760C4EF}.Release|x64.ActiveCfg = Release|x64
		{3ECB8A7D-4BB2-4D67-A4E1-2C4C7760C4EF}.Release|x64.Build.0 = Release|x64
		{3ECB8A7D-4BB2-4D67-A4E1-2C4C7760C4EF}.Release|x64.Deploy.0 = Release|x64
		{3ECB8A7D-4BB2-4D67-A4E1-2C4C7760C4EF}.Release|x86.ActiveCfg = Release|x86
		{3ECB8A7D-4BB2-4D67-A4E1-2C4C7760C4EF}.Release|x86.Build.0 = Release|x86
		{3ECB8A7D-4BB2-4D67-A4E1-2C4C7760C4EF}.Release|x86.Deploy.0 = Release|x86
		{10467A05-0882-4ECA-97A0-6964EDA1F899}.Debug|Any CPU.ActiveCfg = Debug|Any CPU
		{10467A05-0882-4ECA-97A0-6964EDA1F899}.Debug|Any CPU.Build.0 = Debug|Any CPU
		{10467A05-0882-4ECA-97A0-6964EDA1F899}.Debug|Any CPU.Deploy.0 = Debug|Any CPU
		{10467A05-0882-4ECA-97A0-6964EDA1F899}.Debug|ARM.ActiveCfg = Debug|Any CPU
		{10467A05-0882-4ECA-97A0-6964EDA1F899}.Debug|ARM.Build.0 = Debug|Any CPU
		{10467A05-0882-4ECA-97A0-6964EDA1F899}.Debug|ARM.Deploy.0 = Debug|Any CPU
		{10467A05-0882-4ECA-97A0-6964EDA1F899}.Debug|iPhone.ActiveCfg = Debug|Any CPU
		{10467A05-0882-4ECA-97A0-6964EDA1F899}.Debug|iPhone.Build.0 = Debug|Any CPU
		{10467A05-0882-4ECA-97A0-6964EDA1F899}.Debug|iPhone.Deploy.0 = Debug|Any CPU
		{10467A05-0882-4ECA-97A0-6964EDA1F899}.Debug|iPhoneSimulator.ActiveCfg = Debug|Any CPU
		{10467A05-0882-4ECA-97A0-6964EDA1F899}.Debug|iPhoneSimulator.Build.0 = Debug|Any CPU
		{10467A05-0882-4ECA-97A0-6964EDA1F899}.Debug|iPhoneSimulator.Deploy.0 = Debug|Any CPU
		{10467A05-0882-4ECA-97A0-6964EDA1F899}.Debug|x64.ActiveCfg = Debug|Any CPU
		{10467A05-0882-4ECA-97A0-6964EDA1F899}.Debug|x64.Build.0 = Debug|Any CPU
		{10467A05-0882-4ECA-97A0-6964EDA1F899}.Debug|x64.Deploy.0 = Debug|Any CPU
		{10467A05-0882-4ECA-97A0-6964EDA1F899}.Debug|x86.ActiveCfg = Debug|Any CPU
		{10467A05-0882-4ECA-97A0-6964EDA1F899}.Debug|x86.Build.0 = Debug|Any CPU
		{10467A05-0882-4ECA-97A0-6964EDA1F899}.Debug|x86.Deploy.0 = Debug|Any CPU
		{10467A05-0882-4ECA-97A0-6964EDA1F899}.Release|Any CPU.ActiveCfg = Release|Any CPU
		{10467A05-0882-4ECA-97A0-6964EDA1F899}.Release|Any CPU.Build.0 = Release|Any CPU
		{10467A05-0882-4ECA-97A0-6964EDA1F899}.Release|Any CPU.Deploy.0 = Release|Any CPU
		{10467A05-0882-4ECA-97A0-6964EDA1F899}.Release|ARM.ActiveCfg = Release|Any CPU
		{10467A05-0882-4ECA-97A0-6964EDA1F899}.Release|ARM.Build.0 = Release|Any CPU
		{10467A05-0882-4ECA-97A0-6964EDA1F899}.Release|ARM.Deploy.0 = Release|Any CPU
		{10467A05-0882-4ECA-97A0-6964EDA1F899}.Release|iPhone.ActiveCfg = Release|Any CPU
		{10467A05-0882-4ECA-97A0-6964EDA1F899}.Release|iPhone.Build.0 = Release|Any CPU
		{10467A05-0882-4ECA-97A0-6964EDA1F899}.Release|iPhone.Deploy.0 = Release|Any CPU
		{10467A05-0882-4ECA-97A0-6964EDA1F899}.Release|iPhoneSimulator.ActiveCfg = Release|Any CPU
		{10467A05-0882-4ECA-97A0-6964EDA1F899}.Release|iPhoneSimulator.Build.0 = Release|Any CPU
		{10467A05-0882-4ECA-97A0-6964EDA1F899}.Release|iPhoneSimulator.Deploy.0 = Release|Any CPU
		{10467A05-0882-4ECA-97A0-6964EDA1F899}.Release|x64.ActiveCfg = Release|Any CPU
		{10467A05-0882-4ECA-97A0-6964EDA1F899}.Release|x64.Build.0 = Release|Any CPU
		{10467A05-0882-4ECA-97A0-6964EDA1F899}.Release|x64.Deploy.0 = Release|Any CPU
		{10467A05-0882-4ECA-97A0-6964EDA1F899}.Release|x86.ActiveCfg = Release|Any CPU
		{10467A05-0882-4ECA-97A0-6964EDA1F899}.Release|x86.Build.0 = Release|Any CPU
		{10467A05-0882-4ECA-97A0-6964EDA1F899}.Release|x86.Deploy.0 = Release|Any CPU
		{BD3DA57D-EF23-4272-97C3-FBA967EACC9A}.Debug|Any CPU.ActiveCfg = Debug|iPhoneSimulator
		{BD3DA57D-EF23-4272-97C3-FBA967EACC9A}.Debug|Any CPU.Build.0 = Debug|iPhoneSimulator
		{BD3DA57D-EF23-4272-97C3-FBA967EACC9A}.Debug|Any CPU.Deploy.0 = Debug|iPhoneSimulator
		{BD3DA57D-EF23-4272-97C3-FBA967EACC9A}.Debug|ARM.ActiveCfg = Debug|iPhoneSimulator
		{BD3DA57D-EF23-4272-97C3-FBA967EACC9A}.Debug|ARM.Build.0 = Debug|iPhoneSimulator
		{BD3DA57D-EF23-4272-97C3-FBA967EACC9A}.Debug|ARM.Deploy.0 = Debug|iPhoneSimulator
		{BD3DA57D-EF23-4272-97C3-FBA967EACC9A}.Debug|iPhone.ActiveCfg = Debug|iPhone
		{BD3DA57D-EF23-4272-97C3-FBA967EACC9A}.Debug|iPhone.Build.0 = Debug|iPhone
		{BD3DA57D-EF23-4272-97C3-FBA967EACC9A}.Debug|iPhone.Deploy.0 = Debug|iPhone
		{BD3DA57D-EF23-4272-97C3-FBA967EACC9A}.Debug|iPhoneSimulator.ActiveCfg = Debug|iPhoneSimulator
		{BD3DA57D-EF23-4272-97C3-FBA967EACC9A}.Debug|iPhoneSimulator.Build.0 = Debug|iPhoneSimulator
		{BD3DA57D-EF23-4272-97C3-FBA967EACC9A}.Debug|iPhoneSimulator.Deploy.0 = Debug|iPhoneSimulator
		{BD3DA57D-EF23-4272-97C3-FBA967EACC9A}.Debug|x64.ActiveCfg = Debug|iPhone
		{BD3DA57D-EF23-4272-97C3-FBA967EACC9A}.Debug|x64.Build.0 = Debug|iPhone
		{BD3DA57D-EF23-4272-97C3-FBA967EACC9A}.Debug|x64.Deploy.0 = Debug|iPhone
		{BD3DA57D-EF23-4272-97C3-FBA967EACC9A}.Debug|x86.ActiveCfg = Debug|iPhoneSimulator
		{BD3DA57D-EF23-4272-97C3-FBA967EACC9A}.Debug|x86.Build.0 = Debug|iPhoneSimulator
		{BD3DA57D-EF23-4272-97C3-FBA967EACC9A}.Debug|x86.Deploy.0 = Debug|iPhoneSimulator
		{BD3DA57D-EF23-4272-97C3-FBA967EACC9A}.Release|Any CPU.ActiveCfg = Release|iPhoneSimulator
		{BD3DA57D-EF23-4272-97C3-FBA967EACC9A}.Release|Any CPU.Build.0 = Release|iPhoneSimulator
		{BD3DA57D-EF23-4272-97C3-FBA967EACC9A}.Release|Any CPU.Deploy.0 = Release|iPhoneSimulator
		{BD3DA57D-EF23-4272-97C3-FBA967EACC9A}.Release|ARM.ActiveCfg = Release|iPhoneSimulator
		{BD3DA57D-EF23-4272-97C3-FBA967EACC9A}.Release|ARM.Build.0 = Release|iPhoneSimulator
		{BD3DA57D-EF23-4272-97C3-FBA967EACC9A}.Release|ARM.Deploy.0 = Release|iPhoneSimulator
		{BD3DA57D-EF23-4272-97C3-FBA967EACC9A}.Release|iPhone.ActiveCfg = Release|iPhone
		{BD3DA57D-EF23-4272-97C3-FBA967EACC9A}.Release|iPhone.Build.0 = Release|iPhone
		{BD3DA57D-EF23-4272-97C3-FBA967EACC9A}.Release|iPhone.Deploy.0 = Release|iPhone
		{BD3DA57D-EF23-4272-97C3-FBA967EACC9A}.Release|iPhoneSimulator.ActiveCfg = Release|iPhoneSimulator
		{BD3DA57D-EF23-4272-97C3-FBA967EACC9A}.Release|iPhoneSimulator.Build.0 = Release|iPhoneSimulator
		{BD3DA57D-EF23-4272-97C3-FBA967EACC9A}.Release|iPhoneSimulator.Deploy.0 = Release|iPhoneSimulator
		{BD3DA57D-EF23-4272-97C3-FBA967EACC9A}.Release|x64.ActiveCfg = Release|iPhoneSimulator
		{BD3DA57D-EF23-4272-97C3-FBA967EACC9A}.Release|x64.Build.0 = Release|iPhoneSimulator
		{BD3DA57D-EF23-4272-97C3-FBA967EACC9A}.Release|x64.Deploy.0 = Release|iPhoneSimulator
		{BD3DA57D-EF23-4272-97C3-FBA967EACC9A}.Release|x86.ActiveCfg = Release|iPhoneSimulator
		{BD3DA57D-EF23-4272-97C3-FBA967EACC9A}.Release|x86.Build.0 = Release|iPhoneSimulator
		{BD3DA57D-EF23-4272-97C3-FBA967EACC9A}.Release|x86.Deploy.0 = Release|iPhoneSimulator
		{1D8162D4-4A13-4F1D-9AE0-024529F9486C}.Debug|Any CPU.ActiveCfg = Debug|Any CPU
		{1D8162D4-4A13-4F1D-9AE0-024529F9486C}.Debug|Any CPU.Build.0 = Debug|Any CPU
		{1D8162D4-4A13-4F1D-9AE0-024529F9486C}.Debug|Any CPU.Deploy.0 = Debug|Any CPU
		{1D8162D4-4A13-4F1D-9AE0-024529F9486C}.Debug|ARM.ActiveCfg = Debug|Any CPU
		{1D8162D4-4A13-4F1D-9AE0-024529F9486C}.Debug|ARM.Build.0 = Debug|Any CPU
		{1D8162D4-4A13-4F1D-9AE0-024529F9486C}.Debug|ARM.Deploy.0 = Debug|Any CPU
		{1D8162D4-4A13-4F1D-9AE0-024529F9486C}.Debug|iPhone.ActiveCfg = Debug|Any CPU
		{1D8162D4-4A13-4F1D-9AE0-024529F9486C}.Debug|iPhone.Build.0 = Debug|Any CPU
		{1D8162D4-4A13-4F1D-9AE0-024529F9486C}.Debug|iPhone.Deploy.0 = Debug|Any CPU
		{1D8162D4-4A13-4F1D-9AE0-024529F9486C}.Debug|iPhoneSimulator.ActiveCfg = Debug|Any CPU
		{1D8162D4-4A13-4F1D-9AE0-024529F9486C}.Debug|iPhoneSimulator.Build.0 = Debug|Any CPU
		{1D8162D4-4A13-4F1D-9AE0-024529F9486C}.Debug|iPhoneSimulator.Deploy.0 = Debug|Any CPU
		{1D8162D4-4A13-4F1D-9AE0-024529F9486C}.Debug|x64.ActiveCfg = Debug|Any CPU
		{1D8162D4-4A13-4F1D-9AE0-024529F9486C}.Debug|x64.Build.0 = Debug|Any CPU
		{1D8162D4-4A13-4F1D-9AE0-024529F9486C}.Debug|x64.Deploy.0 = Debug|Any CPU
		{1D8162D4-4A13-4F1D-9AE0-024529F9486C}.Debug|x86.ActiveCfg = Debug|Any CPU
		{1D8162D4-4A13-4F1D-9AE0-024529F9486C}.Debug|x86.Build.0 = Debug|Any CPU
		{1D8162D4-4A13-4F1D-9AE0-024529F9486C}.Debug|x86.Deploy.0 = Debug|Any CPU
		{1D8162D4-4A13-4F1D-9AE0-024529F9486C}.Release|Any CPU.ActiveCfg = Release|Any CPU
		{1D8162D4-4A13-4F1D-9AE0-024529F9486C}.Release|Any CPU.Build.0 = Release|Any CPU
		{1D8162D4-4A13-4F1D-9AE0-024529F9486C}.Release|Any CPU.Deploy.0 = Release|Any CPU
		{1D8162D4-4A13-4F1D-9AE0-024529F9486C}.Release|ARM.ActiveCfg = Release|Any CPU
		{1D8162D4-4A13-4F1D-9AE0-024529F9486C}.Release|ARM.Build.0 = Release|Any CPU
		{1D8162D4-4A13-4F1D-9AE0-024529F9486C}.Release|ARM.Deploy.0 = Release|Any CPU
		{1D8162D4-4A13-4F1D-9AE0-024529F9486C}.Release|iPhone.ActiveCfg = Release|Any CPU
		{1D8162D4-4A13-4F1D-9AE0-024529F9486C}.Release|iPhone.Build.0 = Release|Any CPU
		{1D8162D4-4A13-4F1D-9AE0-024529F9486C}.Release|iPhone.Deploy.0 = Release|Any CPU
		{1D8162D4-4A13-4F1D-9AE0-024529F9486C}.Release|iPhoneSimulator.ActiveCfg = Release|Any CPU
		{1D8162D4-4A13-4F1D-9AE0-024529F9486C}.Release|iPhoneSimulator.Build.0 = Release|Any CPU
		{1D8162D4-4A13-4F1D-9AE0-024529F9486C}.Release|iPhoneSimulator.Deploy.0 = Release|Any CPU
		{1D8162D4-4A13-4F1D-9AE0-024529F9486C}.Release|x64.ActiveCfg = Release|Any CPU
		{1D8162D4-4A13-4F1D-9AE0-024529F9486C}.Release|x64.Build.0 = Release|Any CPU
		{1D8162D4-4A13-4F1D-9AE0-024529F9486C}.Release|x64.Deploy.0 = Release|Any CPU
		{1D8162D4-4A13-4F1D-9AE0-024529F9486C}.Release|x86.ActiveCfg = Release|Any CPU
		{1D8162D4-4A13-4F1D-9AE0-024529F9486C}.Release|x86.Build.0 = Release|Any CPU
		{1D8162D4-4A13-4F1D-9AE0-024529F9486C}.Release|x86.Deploy.0 = Release|Any CPU
	EndGlobalSection
	GlobalSection(SolutionProperties) = preSolution
		HideSolutionNode = FALSE
	EndGlobalSection
	GlobalSection(ExtensibilityGlobals) = postSolution
		SolutionGuid = {0ED635B3-BADE-432D-912F-1C5CFBD0A749}
	EndGlobalSection
EndGlobal
