
Microsoft Visual Studio Solution File, Format Version 12.00
# Visual Studio Version 17
VisualStudioVersion = 17.7.34202.233
MinimumVisualStudioVersion = 10.0.40219.1
Project("{FAE04EC0-301F-11D3-BF4B-00C04F79EFBC}") = "THOMAS_CHEN_MEDIA_TRACKER.UWP", "THOMAS_CHEN_MEDIA_TRACKER\THOMAS_CHEN_MEDIA_TRACKER.UWP\THOMAS_CHEN_MEDIA_TRACKER.UWP.csproj", "{D3B45423-DFCA-4ED7-BD84-E069342BF922}"
EndProject
Project("{FAE04EC0-301F-11D3-BF4B-00C04F79EFBC}") = "THOMAS_CHEN_MEDIA_TRACKER.Android", "THOMAS_CHEN_MEDIA_TRACKER\THOMAS_CHEN_MEDIA_TRACKER.Android\THOMAS_CHEN_MEDIA_TRACKER.Android.csproj", "{DB51A19F-52CB-4751-942A-19E9B20B3BAE}"
EndProject
Project("{FAE04EC0-301F-11D3-BF4B-00C04F79EFBC}") = "THOMAS_CHEN_MEDIA_TRACKER.iOS", "THOMAS_CHEN_MEDIA_TRACKER\THOMAS_CHEN_MEDIA_TRACKER.iOS\THOMAS_CHEN_MEDIA_TRACKER.iOS.csproj", "{7018987D-7065-4D8F-8517-0A07F3CD2E76}"
EndProject
Project("{FAE04EC0-301F-11D3-BF4B-00C04F79EFBC}") = "THOMAS_CHEN_MEDIA_TRACKER", "THOMAS_CHEN_MEDIA_TRACKER\THOMAS_CHEN_MEDIA_TRACKER\THOMAS_CHEN_MEDIA_TRACKER.csproj", "{2A8A6E39-669C-423A-88B9-64239E7BB4CA}"
EndProject
Global
	GlobalSection(SolutionConfigurationPlatforms) = preSolution
		Debug|Any CPU = Debug|Any CPU
		Debug|ARM = Debug|ARM
		Debug|iPhone = Debug|iPhone
		Debug|iPhoneSimulator = Debug|iPhoneSimulator
		Debug|x64 = Debug|x64
		Debug|x86 = Debug|x86
		Release|Any CPU = Release|Any CPU
		Release|ARM = Release|ARM
		Release|iPhone = Release|iPhone
		Release|iPhoneSimulator = Release|iPhoneSimulator
		Release|x64 = Release|x64
		Release|x86 = Release|x86
	EndGlobalSection
	GlobalSection(ProjectConfigurationPlatforms) = postSolution
		{D3B45423-DFCA-4ED7-BD84-E069342BF922}.Debug|Any CPU.ActiveCfg = Debug|x64
		{D3B45423-DFCA-4ED7-BD84-E069342BF922}.Debug|Any CPU.Build.0 = Debug|x64
		{D3B45423-DFCA-4ED7-BD84-E069342BF922}.Debug|Any CPU.Deploy.0 = Debug|x64
		{D3B45423-DFCA-4ED7-BD84-E069342BF922}.Debug|ARM.ActiveCfg = Debug|ARM
		{D3B45423-DFCA-4ED7-BD84-E069342BF922}.Debug|ARM.Build.0 = Debug|ARM
		{D3B45423-DFCA-4ED7-BD84-E069342BF922}.Debug|ARM.Deploy.0 = Debug|ARM
		{D3B45423-DFCA-4ED7-BD84-E069342BF922}.Debug|iPhone.ActiveCfg = Debug|x64
		{D3B45423-DFCA-4ED7-BD84-E069342BF922}.Debug|iPhone.Build.0 = Debug|x64
		{D3B45423-DFCA-4ED7-BD84-E069342BF922}.Debug|iPhone.Deploy.0 = Debug|x64
		{D3B45423-DFCA-4ED7-BD84-E069342BF922}.Debug|iPhoneSimulator.ActiveCfg = Debug|x64
		{D3B45423-DFCA-4ED7-BD84-E069342BF922}.Debug|iPhoneSimulator.Build.0 = Debug|x64
		{D3B45423-DFCA-4ED7-BD84-E069342BF922}.Debug|iPhoneSimulator.Deploy.0 = Debug|x64
		{D3B45423-DFCA-4ED7-BD84-E069342BF922}.Debug|x64.ActiveCfg = Debug|x64
		{D3B45423-DFCA-4ED7-BD84-E069342BF922}.Debug|x64.Build.0 = Debug|x64
		{D3B45423-DFCA-4ED7-BD84-E069342BF922}.Debug|x64.Deploy.0 = Debug|x64
		{D3B45423-DFCA-4ED7-BD84-E069342BF922}.Debug|x86.ActiveCfg = Debug|x86
		{D3B45423-DFCA-4ED7-BD84-E069342BF922}.Debug|x86.Build.0 = Debug|x86
		{D3B45423-DFCA-4ED7-BD84-E069342BF922}.Debug|x86.Deploy.0 = Debug|x86
		{D3B45423-DFCA-4ED7-BD84-E069342BF922}.Release|Any CPU.ActiveCfg = Release|x64
		{D3B45423-DFCA-4ED7-BD84-E069342BF922}.Release|Any CPU.Build.0 = Release|x64
		{D3B45423-DFCA-4ED7-BD84-E069342BF922}.Release|Any CPU.Deploy.0 = Release|x64
		{D3B45423-DFCA-4ED7-BD84-E069342BF922}.Release|ARM.ActiveCfg = Release|ARM
		{D3B45423-DFCA-4ED7-BD84-E069342BF922}.Release|ARM.Build.0 = Release|ARM
		{D3B45423-DFCA-4ED7-BD84-E069342BF922}.Release|ARM.Deploy.0 = Release|ARM
		{D3B45423-DFCA-4ED7-BD84-E069342BF922}.Release|iPhone.ActiveCfg = Release|x64
		{D3B45423-DFCA-4ED7-BD84-E069342BF922}.Release|iPhone.Build.0 = Release|x64
		{D3B45423-DFCA-4ED7-BD84-E069342BF922}.Release|iPhone.Deploy.0 = Release|x64
		{D3B45423-DFCA-4ED7-BD84-E069342BF922}.Release|iPhoneSimulator.ActiveCfg = Release|x64
		{D3B45423-DFCA-4ED7-BD84-E069342BF922}.Release|iPhoneSimulator.Build.0 = Release|x64
		{D3B45423-DFCA-4ED7-BD84-E069342BF922}.Release|iPhoneSimulator.Deploy.0 = Release|x64
		{D3B45423-DFCA-4ED7-BD84-E069342BF922}.Release|x64.ActiveCfg = Release|x64
		{D3B45423-DFCA-4ED7-BD84-E069342BF922}.Release|x64.Build.0 = Release|x64
		{D3B45423-DFCA-4ED7-BD84-E069342BF922}.Release|x64.Deploy.0 = Release|x64
		{D3B45423-DFCA-4ED7-BD84-E069342BF922}.Release|x86.ActiveCfg = Release|x86
		{D3B45423-DFCA-4ED7-BD84-E069342BF922}.Release|x86.Build.0 = Release|x86
		{D3B45423-DFCA-4ED7-BD84-E069342BF922}.Release|x86.Deploy.0 = Release|x86
		{DB51A19F-52CB-4751-942A-19E9B20B3BAE}.Debug|Any CPU.ActiveCfg = Debug|Any CPU
		{DB51A19F-52CB-4751-942A-19E9B20B3BAE}.Debug|Any CPU.Build.0 = Debug|Any CPU
		{DB51A19F-52CB-4751-942A-19E9B20B3BAE}.Debug|Any CPU.Deploy.0 = Debug|Any CPU
		{DB51A19F-52CB-4751-942A-19E9B20B3BAE}.Debug|ARM.ActiveCfg = Debug|Any CPU
		{DB51A19F-52CB-4751-942A-19E9B20B3BAE}.Debug|ARM.Build.0 = Debug|Any CPU
		{DB51A19F-52CB-4751-942A-19E9B20B3BAE}.Debug|ARM.Deploy.0 = Debug|Any CPU
		{DB51A19F-52CB-4751-942A-19E9B20B3BAE}.Debug|iPhone.ActiveCfg = Debug|Any CPU
		{DB51A19F-52CB-4751-942A-19E9B20B3BAE}.Debug|iPhone.Build.0 = Debug|Any CPU
		{DB51A19F-52CB-4751-942A-19E9B20B3BAE}.Debug|iPhone.Deploy.0 = Debug|Any CPU
		{DB51A19F-52CB-4751-942A-19E9B20B3BAE}.Debug|iPhoneSimulator.ActiveCfg = Debug|Any CPU
		{DB51A19F-52CB-4751-942A-19E9B20B3BAE}.Debug|iPhoneSimulator.Build.0 = Debug|Any CPU
		{DB51A19F-52CB-4751-942A-19E9B20B3BAE}.Debug|iPhoneSimulator.Deploy.0 = Debug|Any CPU
		{DB51A19F-52CB-4751-942A-19E9B20B3BAE}.Debug|x64.ActiveCfg = Debug|Any CPU
		{DB51A19F-52CB-4751-942A-19E9B20B3BAE}.Debug|x64.Build.0 = Debug|Any CPU
		{DB51A19F-52CB-4751-942A-19E9B20B3BAE}.Debug|x64.Deploy.0 = Debug|Any CPU
		{DB51A19F-52CB-4751-942A-19E9B20B3BAE}.Debug|x86.ActiveCfg = Debug|Any CPU
		{DB51A19F-52CB-4751-942A-19E9B20B3BAE}.Debug|x86.Build.0 = Debug|Any CPU
		{DB51A19F-52CB-4751-942A-19E9B20B3BAE}.Debug|x86.Deploy.0 = Debug|Any CPU
		{DB51A19F-52CB-4751-942A-19E9B20B3BAE}.Release|Any CPU.ActiveCfg = Release|Any CPU
		{DB51A19F-52CB-4751-942A-19E9B20B3BAE}.Release|Any CPU.Build.0 = Release|Any CPU
		{DB51A19F-52CB-4751-942A-19E9B20B3BAE}.Release|Any CPU.Deploy.0 = Release|Any CPU
		{DB51A19F-52CB-4751-942A-19E9B20B3BAE}.Release|ARM.ActiveCfg = Release|Any CPU
		{DB51A19F-52CB-4751-942A-19E9B20B3BAE}.Release|ARM.Build.0 = Release|Any CPU
		{DB51A19F-52CB-4751-942A-19E9B20B3BAE}.Release|ARM.Deploy.0 = Release|Any CPU
		{DB51A19F-52CB-4751-942A-19E9B20B3BAE}.Release|iPhone.ActiveCfg = Release|Any CPU
		{DB51A19F-52CB-4751-942A-19E9B20B3BAE}.Release|iPhone.Build.0 = Release|Any CPU
		{DB51A19F-52CB-4751-942A-19E9B20B3BAE}.Release|iPhone.Deploy.0 = Release|Any CPU
		{DB51A19F-52CB-4751-942A-19E9B20B3BAE}.Release|iPhoneSimulator.ActiveCfg = Release|Any CPU
		{DB51A19F-52CB-4751-942A-19E9B20B3BAE}.Release|iPhoneSimulator.Build.0 = Release|Any CPU
		{DB51A19F-52CB-4751-942A-19E9B20B3BAE}.Release|iPhoneSimulator.Deploy.0 = Release|Any CPU
		{DB51A19F-52CB-4751-942A-19E9B20B3BAE}.Release|x64.ActiveCfg = Release|Any CPU
		{DB51A19F-52CB-4751-942A-19E9B20B3BAE}.Release|x64.Build.0 = Release|Any CPU
		{DB51A19F-52CB-4751-942A-19E9B20B3BAE}.Release|x64.Deploy.0 = Release|Any CPU
		{DB51A19F-52CB-4751-942A-19E9B20B3BAE}.Release|x86.ActiveCfg = Release|Any CPU
		{DB51A19F-52CB-4751-942A-19E9B20B3BAE}.Release|x86.Build.0 = Release|Any CPU
		{DB51A19F-52CB-4751-942A-19E9B20B3BAE}.Release|x86.Deploy.0 = Release|Any CPU
		{7018987D-7065-4D8F-8517-0A07F3CD2E76}.Debug|Any CPU.ActiveCfg = Debug|iPhoneSimulator
		{7018987D-7065-4D8F-8517-0A07F3CD2E76}.Debug|Any CPU.Build.0 = Debug|iPhoneSimulator
		{7018987D-7065-4D8F-8517-0A07F3CD2E76}.Debug|Any CPU.Deploy.0 = Debug|iPhoneSimulator
		{7018987D-7065-4D8F-8517-0A07F3CD2E76}.Debug|ARM.ActiveCfg = Debug|iPhoneSimulator
		{7018987D-7065-4D8F-8517-0A07F3CD2E76}.Debug|ARM.Build.0 = Debug|iPhoneSimulator
		{7018987D-7065-4D8F-8517-0A07F3CD2E76}.Debug|ARM.Deploy.0 = Debug|iPhoneSimulator
		{7018987D-7065-4D8F-8517-0A07F3CD2E76}.Debug|iPhone.ActiveCfg = Debug|iPhone
		{7018987D-7065-4D8F-8517-0A07F3CD2E76}.Debug|iPhone.Build.0 = Debug|iPhone
		{7018987D-7065-4D8F-8517-0A07F3CD2E76}.Debug|iPhone.Deploy.0 = Debug|iPhone
		{7018987D-7065-4D8F-8517-0A07F3CD2E76}.Debug|iPhoneSimulator.ActiveCfg = Debug|iPhoneSimulator
		{7018987D-7065-4D8F-8517-0A07F3CD2E76}.Debug|iPhoneSimulator.Build.0 = Debug|iPhoneSimulator
		{7018987D-7065-4D8F-8517-0A07F3CD2E76}.Debug|iPhoneSimulator.Deploy.0 = Debug|iPhoneSimulator
		{7018987D-7065-4D8F-8517-0A07F3CD2E76}.Debug|x64.ActiveCfg = Debug|iPhone
		{7018987D-7065-4D8F-8517-0A07F3CD2E76}.Debug|x64.Build.0 = Debug|iPhone
		{7018987D-7065-4D8F-8517-0A07F3CD2E76}.Debug|x64.Deploy.0 = Debug|iPhone
		{7018987D-7065-4D8F-8517-0A07F3CD2E76}.Debug|x86.ActiveCfg = Debug|iPhoneSimulator
		{7018987D-7065-4D8F-8517-0A07F3CD2E76}.Debug|x86.Build.0 = Debug|iPhoneSimulator
		{7018987D-7065-4D8F-8517-0A07F3CD2E76}.Debug|x86.Deploy.0 = Debug|iPhoneSimulator
		{7018987D-7065-4D8F-8517-0A07F3CD2E76}.Release|Any CPU.ActiveCfg = Release|iPhoneSimulator
		{7018987D-7065-4D8F-8517-0A07F3CD2E76}.Release|Any CPU.Build.0 = Release|iPhoneSimulator
		{7018987D-7065-4D8F-8517-0A07F3CD2E76}.Release|Any CPU.Deploy.0 = Release|iPhoneSimulator
		{7018987D-7065-4D8F-8517-0A07F3CD2E76}.Release|ARM.ActiveCfg = Release|iPhoneSimulator
		{7018987D-7065-4D8F-8517-0A07F3CD2E76}.Release|ARM.Build.0 = Release|iPhoneSimulator
		{7018987D-7065-4D8F-8517-0A07F3CD2E76}.Release|ARM.Deploy.0 = Release|iPhoneSimulator
		{7018987D-7065-4D8F-8517-0A07F3CD2E76}.Release|iPhone.ActiveCfg = Release|iPhone
		{7018987D-7065-4D8F-8517-0A07F3CD2E76}.Release|iPhone.Build.0 = Release|iPhone
		{7018987D-7065-4D8F-8517-0A07F3CD2E76}.Release|iPhone.Deploy.0 = Release|iPhone
		{7018987D-7065-4D8F-8517-0A07F3CD2E76}.Release|iPhoneSimulator.ActiveCfg = Release|iPhoneSimulator
		{7018987D-7065-4D8F-8517-0A07F3CD2E76}.Release|iPhoneSimulator.Build.0 = Release|iPhoneSimulator
		{7018987D-7065-4D8F-8517-0A07F3CD2E76}.Release|iPhoneSimulator.Deploy.0 = Release|iPhoneSimulator
		{7018987D-7065-4D8F-8517-0A07F3CD2E76}.Release|x64.ActiveCfg = Release|iPhoneSimulator
		{7018987D-7065-4D8F-8517-0A07F3CD2E76}.Release|x64.Build.0 = Release|iPhoneSimulator
		{7018987D-7065-4D8F-8517-0A07F3CD2E76}.Release|x64.Deploy.0 = Release|iPhoneSimulator
		{7018987D-7065-4D8F-8517-0A07F3CD2E76}.Release|x86.ActiveCfg = Release|iPhoneSimulator
		{7018987D-7065-4D8F-8517-0A07F3CD2E76}.Release|x86.Build.0 = Release|iPhoneSimulator
		{7018987D-7065-4D8F-8517-0A07F3CD2E76}.Release|x86.Deploy.0 = Release|iPhoneSimulator
		{2A8A6E39-669C-423A-88B9-64239E7BB4CA}.Debug|Any CPU.ActiveCfg = Debug|Any CPU
		{2A8A6E39-669C-423A-88B9-64239E7BB4CA}.Debug|Any CPU.Build.0 = Debug|Any CPU
		{2A8A6E39-669C-423A-88B9-64239E7BB4CA}.Debug|Any CPU.Deploy.0 = Debug|Any CPU
		{2A8A6E39-669C-423A-88B9-64239E7BB4CA}.Debug|ARM.ActiveCfg = Debug|Any CPU
		{2A8A6E39-669C-423A-88B9-64239E7BB4CA}.Debug|ARM.Build.0 = Debug|Any CPU
		{2A8A6E39-669C-423A-88B9-64239E7BB4CA}.Debug|ARM.Deploy.0 = Debug|Any CPU
		{2A8A6E39-669C-423A-88B9-64239E7BB4CA}.Debug|iPhone.ActiveCfg = Debug|Any CPU
		{2A8A6E39-669C-423A-88B9-64239E7BB4CA}.Debug|iPhone.Build.0 = Debug|Any CPU
		{2A8A6E39-669C-423A-88B9-64239E7BB4CA}.Debug|iPhone.Deploy.0 = Debug|Any CPU
		{2A8A6E39-669C-423A-88B9-64239E7BB4CA}.Debug|iPhoneSimulator.ActiveCfg = Debug|Any CPU
		{2A8A6E39-669C-423A-88B9-64239E7BB4CA}.Debug|iPhoneSimulator.Build.0 = Debug|Any CPU
		{2A8A6E39-669C-423A-88B9-64239E7BB4CA}.Debug|iPhoneSimulator.Deploy.0 = Debug|Any CPU
		{2A8A6E39-669C-423A-88B9-64239E7BB4CA}.Debug|x64.ActiveCfg = Debug|Any CPU
		{2A8A6E39-669C-423A-88B9-64239E7BB4CA}.Debug|x64.Build.0 = Debug|Any CPU
		{2A8A6E39-669C-423A-88B9-64239E7BB4CA}.Debug|x64.Deploy.0 = Debug|Any CPU
		{2A8A6E39-669C-423A-88B9-64239E7BB4CA}.Debug|x86.ActiveCfg = Debug|Any CPU
		{2A8A6E39-669C-423A-88B9-64239E7BB4CA}.Debug|x86.Build.0 = Debug|Any CPU
		{2A8A6E39-669C-423A-88B9-64239E7BB4CA}.Debug|x86.Deploy.0 = Debug|Any CPU
		{2A8A6E39-669C-423A-88B9-64239E7BB4CA}.Release|Any CPU.ActiveCfg = Release|Any CPU
		{2A8A6E39-669C-423A-88B9-64239E7BB4CA}.Release|Any CPU.Build.0 = Release|Any CPU
		{2A8A6E39-669C-423A-88B9-64239E7BB4CA}.Release|Any CPU.Deploy.0 = Release|Any CPU
		{2A8A6E39-669C-423A-88B9-64239E7BB4CA}.Release|ARM.ActiveCfg = Release|Any CPU
		{2A8A6E39-669C-423A-88B9-64239E7BB4CA}.Release|ARM.Build.0 = Release|Any CPU
		{2A8A6E39-669C-423A-88B9-64239E7BB4CA}.Release|ARM.Deploy.0 = Release|Any CPU
		{2A8A6E39-669C-423A-88B9-64239E7BB4CA}.Release|iPhone.ActiveCfg = Release|Any CPU
		{2A8A6E39-669C-423A-88B9-64239E7BB4CA}.Release|iPhone.Build.0 = Release|Any CPU
		{2A8A6E39-669C-423A-88B9-64239E7BB4CA}.Release|iPhone.Deploy.0 = Release|Any CPU
		{2A8A6E39-669C-423A-88B9-64239E7BB4CA}.Release|iPhoneSimulator.ActiveCfg = Release|Any CPU
		{2A8A6E39-669C-423A-88B9-64239E7BB4CA}.Release|iPhoneSimulator.Build.0 = Release|Any CPU
		{2A8A6E39-669C-423A-88B9-64239E7BB4CA}.Release|iPhoneSimulator.Deploy.0 = Release|Any CPU
		{2A8A6E39-669C-423A-88B9-64239E7BB4CA}.Release|x64.ActiveCfg = Release|Any CPU
		{2A8A6E39-669C-423A-88B9-64239E7BB4CA}.Release|x64.Build.0 = Release|Any CPU
		{2A8A6E39-669C-423A-88B9-64239E7BB4CA}.Release|x64.Deploy.0 = Release|Any CPU
		{2A8A6E39-669C-423A-88B9-64239E7BB4CA}.Release|x86.ActiveCfg = Release|Any CPU
		{2A8A6E39-669C-423A-88B9-64239E7BB4CA}.Release|x86.Build.0 = Release|Any CPU
		{2A8A6E39-669C-423A-88B9-64239E7BB4CA}.Release|x86.Deploy.0 = Release|Any CPU
	EndGlobalSection
	GlobalSection(SolutionProperties) = preSolution
		HideSolutionNode = FALSE
	EndGlobalSection
	GlobalSection(ExtensibilityGlobals) = postSolution
		SolutionGuid = {7D492E86-AA66-4F1B-8A61-0515A5C47104}
	EndGlobalSection
EndGlobal
