
Microsoft Visual Studio Solution File, Format Version 12.00
# Visual Studio Version 17
VisualStudioVersion = 17.7.34202.233
MinimumVisualStudioVersion = 10.0.40219.1
Project("{FAE04EC0-301F-11D3-BF4B-00C04F79EFBC}") = "THOMAS_CHEN_CURRENCY_CONVERTER.UWP", "THOMAS_CHEN_CURRENCY_CONVERTER\THOMAS_CHEN_CURRENCY_CONVERTER.UWP\THOMAS_CHEN_CURRENCY_CONVERTER.UWP.csproj", "{14B0D3E4-8C98-4651-9D1B-C1F5678E5531}"
EndProject
Project("{FAE04EC0-301F-11D3-BF4B-00C04F79EFBC}") = "THOMAS_CHEN_CURRENCY_CONVERTER.Android", "THOMAS_CHEN_CURRENCY_CONVERTER\THOMAS_CHEN_CURRENCY_CONVERTER.Android\THOMAS_CHEN_CURRENCY_CONVERTER.Android.csproj", "{F427C430-E518-47DC-9463-685F486EA3B5}"
EndProject
Project("{FAE04EC0-301F-11D3-BF4B-00C04F79EFBC}") = "THOMAS_CHEN_CURRENCY_CONVERTER.iOS", "THOMAS_CHEN_CURRENCY_CONVERTER\THOMAS_CHEN_CURRENCY_CONVERTER.iOS\THOMAS_CHEN_CURRENCY_CONVERTER.iOS.csproj", "{7F04CCF4-06BF-441B-B241-83D90DCAE555}"
EndProject
Project("{FAE04EC0-301F-11D3-BF4B-00C04F79EFBC}") = "THOMAS_CHEN_CURRENCY_CONVERTER", "THOMAS_CHEN_CURRENCY_CONVERTER\THOMAS_CHEN_CURRENCY_CONVERTER\THOMAS_CHEN_CURRENCY_CONVERTER.csproj", "{4720A080-71E2-4F74-A72E-67EA13923B49}"
EndProject
Global
	GlobalSection(SolutionConfigurationPlatforms) = preSolution
		Debug|Any CPU = Debug|Any CPU
		Debug|ARM = Debug|ARM
		Debug|iPhone = Debug|iPhone
		Debug|iPhoneSimulator = Debug|iPhoneSimulator
		Debug|x64 = Debug|x64
		Debug|x86 = Debug|x86
		Release|Any CPU = Release|Any CPU
		Release|ARM = Release|ARM
		Release|iPhone = Release|iPhone
		Release|iPhoneSimulator = Release|iPhoneSimulator
		Release|x64 = Release|x64
		Release|x86 = Release|x86
	EndGlobalSection
	GlobalSection(ProjectConfigurationPlatforms) = postSolution
		{14B0D3E4-8C98-4651-9D1B-C1F5678E5531}.Debug|Any CPU.ActiveCfg = Debug|x64
		{14B0D3E4-8C98-4651-9D1B-C1F5678E5531}.Debug|Any CPU.Build.0 = Debug|x64
		{14B0D3E4-8C98-4651-9D1B-C1F5678E5531}.Debug|Any CPU.Deploy.0 = Debug|x64
		{14B0D3E4-8C98-4651-9D1B-C1F5678E5531}.Debug|ARM.ActiveCfg = Debug|ARM
		{14B0D3E4-8C98-4651-9D1B-C1F5678E5531}.Debug|ARM.Build.0 = Debug|ARM
		{14B0D3E4-8C98-4651-9D1B-C1F5678E5531}.Debug|ARM.Deploy.0 = Debug|ARM
		{14B0D3E4-8C98-4651-9D1B-C1F5678E5531}.Debug|iPhone.ActiveCfg = Debug|x64
		{14B0D3E4-8C98-4651-9D1B-C1F5678E5531}.Debug|iPhone.Build.0 = Debug|x64
		{14B0D3E4-8C98-4651-9D1B-C1F5678E5531}.Debug|iPhone.Deploy.0 = Debug|x64
		{14B0D3E4-8C98-4651-9D1B-C1F5678E5531}.Debug|iPhoneSimulator.ActiveCfg = Debug|x64
		{14B0D3E4-8C98-4651-9D1B-C1F5678E5531}.Debug|iPhoneSimulator.Build.0 = Debug|x64
		{14B0D3E4-8C98-4651-9D1B-C1F5678E5531}.Debug|iPhoneSimulator.Deploy.0 = Debug|x64
		{14B0D3E4-8C98-4651-9D1B-C1F5678E5531}.Debug|x64.ActiveCfg = Debug|x64
		{14B0D3E4-8C98-4651-9D1B-C1F5678E5531}.Debug|x64.Build.0 = Debug|x64
		{14B0D3E4-8C98-4651-9D1B-C1F5678E5531}.Debug|x64.Deploy.0 = Debug|x64
		{14B0D3E4-8C98-4651-9D1B-C1F5678E5531}.Debug|x86.ActiveCfg = Debug|x86
		{14B0D3E4-8C98-4651-9D1B-C1F5678E5531}.Debug|x86.Build.0 = Debug|x86
		{14B0D3E4-8C98-4651-9D1B-C1F5678E5531}.Debug|x86.Deploy.0 = Debug|x86
		{14B0D3E4-8C98-4651-9D1B-C1F5678E5531}.Release|Any CPU.ActiveCfg = Release|x64
		{14B0D3E4-8C98-4651-9D1B-C1F5678E5531}.Release|Any CPU.Build.0 = Release|x64
		{14B0D3E4-8C98-4651-9D1B-C1F5678E5531}.Release|Any CPU.Deploy.0 = Release|x64
		{14B0D3E4-8C98-4651-9D1B-C1F5678E5531}.Release|ARM.ActiveCfg = Release|ARM
		{14B0D3E4-8C98-4651-9D1B-C1F5678E5531}.Release|ARM.Build.0 = Release|ARM
		{14B0D3E4-8C98-4651-9D1B-C1F5678E5531}.Release|ARM.Deploy.0 = Release|ARM
		{14B0D3E4-8C98-4651-9D1B-C1F5678E5531}.Release|iPhone.ActiveCfg = Release|x64
		{14B0D3E4-8C98-4651-9D1B-C1F5678E5531}.Release|iPhone.Build.0 = Release|x64
		{14B0D3E4-8C98-4651-9D1B-C1F5678E5531}.Release|iPhone.Deploy.0 = Release|x64
		{14B0D3E4-8C98-4651-9D1B-C1F5678E5531}.Release|iPhoneSimulator.ActiveCfg = Release|x64
		{14B0D3E4-8C98-4651-9D1B-C1F5678E5531}.Release|iPhoneSimulator.Build.0 = Release|x64
		{14B0D3E4-8C98-4651-9D1B-C1F5678E5531}.Release|iPhoneSimulator.Deploy.0 = Release|x64
		{14B0D3E4-8C98-4651-9D1B-C1F5678E5531}.Release|x64.ActiveCfg = Release|x64
		{14B0D3E4-8C98-4651-9D1B-C1F5678E5531}.Release|x64.Build.0 = Release|x64
		{14B0D3E4-8C98-4651-9D1B-C1F5678E5531}.Release|x64.Deploy.0 = Release|x64
		{14B0D3E4-8C98-4651-9D1B-C1F5678E5531}.Release|x86.ActiveCfg = Release|x86
		{14B0D3E4-8C98-4651-9D1B-C1F5678E5531}.Release|x86.Build.0 = Release|x86
		{14B0D3E4-8C98-4651-9D1B-C1F5678E5531}.Release|x86.Deploy.0 = Release|x86
		{F427C430-E518-47DC-9463-685F486EA3B5}.Debug|Any CPU.ActiveCfg = Debug|Any CPU
		{F427C430-E518-47DC-9463-685F486EA3B5}.Debug|Any CPU.Build.0 = Debug|Any CPU
		{F427C430-E518-47DC-9463-685F486EA3B5}.Debug|Any CPU.Deploy.0 = Debug|Any CPU
		{F427C430-E518-47DC-9463-685F486EA3B5}.Debug|ARM.ActiveCfg = Debug|Any CPU
		{F427C430-E518-47DC-9463-685F486EA3B5}.Debug|ARM.Build.0 = Debug|Any CPU
		{F427C430-E518-47DC-9463-685F486EA3B5}.Debug|ARM.Deploy.0 = Debug|Any CPU
		{F427C430-E518-47DC-9463-685F486EA3B5}.Debug|iPhone.ActiveCfg = Debug|Any CPU
		{F427C430-E518-47DC-9463-685F486EA3B5}.Debug|iPhone.Build.0 = Debug|Any CPU
		{F427C430-E518-47DC-9463-685F486EA3B5}.Debug|iPhone.Deploy.0 = Debug|Any CPU
		{F427C430-E518-47DC-9463-685F486EA3B5}.Debug|iPhoneSimulator.ActiveCfg = Debug|Any CPU
		{F427C430-E518-47DC-9463-685F486EA3B5}.Debug|iPhoneSimulator.Build.0 = Debug|Any CPU
		{F427C430-E518-47DC-9463-685F486EA3B5}.Debug|iPhoneSimulator.Deploy.0 = Debug|Any CPU
		{F427C430-E518-47DC-9463-685F486EA3B5}.Debug|x64.ActiveCfg = Debug|Any CPU
		{F427C430-E518-47DC-9463-685F486EA3B5}.Debug|x64.Build.0 = Debug|Any CPU
		{F427C430-E518-47DC-9463-685F486EA3B5}.Debug|x64.Deploy.0 = Debug|Any CPU
		{F427C430-E518-47DC-9463-685F486EA3B5}.Debug|x86.ActiveCfg = Debug|Any CPU
		{F427C430-E518-47DC-9463-685F486EA3B5}.Debug|x86.Build.0 = Debug|Any CPU
		{F427C430-E518-47DC-9463-685F486EA3B5}.Debug|x86.Deploy.0 = Debug|Any CPU
		{F427C430-E518-47DC-9463-685F486EA3B5}.Release|Any CPU.ActiveCfg = Release|Any CPU
		{F427C430-E518-47DC-9463-685F486EA3B5}.Release|Any CPU.Build.0 = Release|Any CPU
		{F427C430-E518-47DC-9463-685F486EA3B5}.Release|Any CPU.Deploy.0 = Release|Any CPU
		{F427C430-E518-47DC-9463-685F486EA3B5}.Release|ARM.ActiveCfg = Release|Any CPU
		{F427C430-E518-47DC-9463-685F486EA3B5}.Release|ARM.Build.0 = Release|Any CPU
		{F427C430-E518-47DC-9463-685F486EA3B5}.Release|ARM.Deploy.0 = Release|Any CPU
		{F427C430-E518-47DC-9463-685F486EA3B5}.Release|iPhone.ActiveCfg = Release|Any CPU
		{F427C430-E518-47DC-9463-685F486EA3B5}.Release|iPhone.Build.0 = Release|Any CPU
		{F427C430-E518-47DC-9463-685F486EA3B5}.Release|iPhone.Deploy.0 = Release|Any CPU
		{F427C430-E518-47DC-9463-685F486EA3B5}.Release|iPhoneSimulator.ActiveCfg = Release|Any CPU
		{F427C430-E518-47DC-9463-685F486EA3B5}.Release|iPhoneSimulator.Build.0 = Release|Any CPU
		{F427C430-E518-47DC-9463-685F486EA3B5}.Release|iPhoneSimulator.Deploy.0 = Release|Any CPU
		{F427C430-E518-47DC-9463-685F486EA3B5}.Release|x64.ActiveCfg = Release|Any CPU
		{F427C430-E518-47DC-9463-685F486EA3B5}.Release|x64.Build.0 = Release|Any CPU
		{F427C430-E518-47DC-9463-685F486EA3B5}.Release|x64.Deploy.0 = Release|Any CPU
		{F427C430-E518-47DC-9463-685F486EA3B5}.Release|x86.ActiveCfg = Release|Any CPU
		{F427C430-E518-47DC-9463-685F486EA3B5}.Release|x86.Build.0 = Release|Any CPU
		{F427C430-E518-47DC-9463-685F486EA3B5}.Release|x86.Deploy.0 = Release|Any CPU
		{7F04CCF4-06BF-441B-B241-83D90DCAE555}.Debug|Any CPU.ActiveCfg = Debug|iPhoneSimulator
		{7F04CCF4-06BF-441B-B241-83D90DCAE555}.Debug|Any CPU.Build.0 = Debug|iPhoneSimulator
		{7F04CCF4-06BF-441B-B241-83D90DCAE555}.Debug|Any CPU.Deploy.0 = Debug|iPhoneSimulator
		{7F04CCF4-06BF-441B-B241-83D90DCAE555}.Debug|ARM.ActiveCfg = Debug|iPhoneSimulator
		{7F04CCF4-06BF-441B-B241-83D90DCAE555}.Debug|ARM.Build.0 = Debug|iPhoneSimulator
		{7F04CCF4-06BF-441B-B241-83D90DCAE555}.Debug|ARM.Deploy.0 = Debug|iPhoneSimulator
		{7F04CCF4-06BF-441B-B241-83D90DCAE555}.Debug|iPhone.ActiveCfg = Debug|iPhone
		{7F04CCF4-06BF-441B-B241-83D90DCAE555}.Debug|iPhone.Build.0 = Debug|iPhone
		{7F04CCF4-06BF-441B-B241-83D90DCAE555}.Debug|iPhone.Deploy.0 = Debug|iPhone
		{7F04CCF4-06BF-441B-B241-83D90DCAE555}.Debug|iPhoneSimulator.ActiveCfg = Debug|iPhoneSimulator
		{7F04CCF4-06BF-441B-B241-83D90DCAE555}.Debug|iPhoneSimulator.Build.0 = Debug|iPhoneSimulator
		{7F04CCF4-06BF-441B-B241-83D90DCAE555}.Debug|iPhoneSimulator.Deploy.0 = Debug|iPhoneSimulator
		{7F04CCF4-06BF-441B-B241-83D90DCAE555}.Debug|x64.ActiveCfg = Debug|iPhone
		{7F04CCF4-06BF-441B-B241-83D90DCAE555}.Debug|x64.Build.0 = Debug|iPhone
		{7F04CCF4-06BF-441B-B241-83D90DCAE555}.Debug|x64.Deploy.0 = Debug|iPhone
		{7F04CCF4-06BF-441B-B241-83D90DCAE555}.Debug|x86.ActiveCfg = Debug|iPhoneSimulator
		{7F04CCF4-06BF-441B-B241-83D90DCAE555}.Debug|x86.Build.0 = Debug|iPhoneSimulator
		{7F04CCF4-06BF-441B-B241-83D90DCAE555}.Debug|x86.Deploy.0 = Debug|iPhoneSimulator
		{7F04CCF4-06BF-441B-B241-83D90DCAE555}.Release|Any CPU.ActiveCfg = Release|iPhoneSimulator
		{7F04CCF4-06BF-441B-B241-83D90DCAE555}.Release|Any CPU.Build.0 = Release|iPhoneSimulator
		{7F04CCF4-06BF-441B-B241-83D90DCAE555}.Release|Any CPU.Deploy.0 = Release|iPhoneSimulator
		{7F04CCF4-06BF-441B-B241-83D90DCAE555}.Release|ARM.ActiveCfg = Release|iPhoneSimulator
		{7F04CCF4-06BF-441B-B241-83D90DCAE555}.Release|ARM.Build.0 = Release|iPhoneSimulator
		{7F04CCF4-06BF-441B-B241-83D90DCAE555}.Release|ARM.Deploy.0 = Release|iPhoneSimulator
		{7F04CCF4-06BF-441B-B241-83D90DCAE555}.Release|iPhone.ActiveCfg = Release|iPhone
		{7F04CCF4-06BF-441B-B241-83D90DCAE555}.Release|iPhone.Build.0 = Release|iPhone
		{7F04CCF4-06BF-441B-B241-83D90DCAE555}.Release|iPhone.Deploy.0 = Release|iPhone
		{7F04CCF4-06BF-441B-B241-83D90DCAE555}.Release|iPhoneSimulator.ActiveCfg = Release|iPhoneSimulator
		{7F04CCF4-06BF-441B-B241-83D90DCAE555}.Release|iPhoneSimulator.Build.0 = Release|iPhoneSimulator
		{7F04CCF4-06BF-441B-B241-83D90DCAE555}.Release|iPhoneSimulator.Deploy.0 = Release|iPhoneSimulator
		{7F04CCF4-06BF-441B-B241-83D90DCAE555}.Release|x64.ActiveCfg = Release|iPhoneSimulator
		{7F04CCF4-06BF-441B-B241-83D90DCAE555}.Release|x64.Build.0 = Release|iPhoneSimulator
		{7F04CCF4-06BF-441B-B241-83D90DCAE555}.Release|x64.Deploy.0 = Release|iPhoneSimulator
		{7F04CCF4-06BF-441B-B241-83D90DCAE555}.Release|x86.ActiveCfg = Release|iPhoneSimulator
		{7F04CCF4-06BF-441B-B241-83D90DCAE555}.Release|x86.Build.0 = Release|iPhoneSimulator
		{7F04CCF4-06BF-441B-B241-83D90DCAE555}.Release|x86.Deploy.0 = Release|iPhoneSimulator
		{4720A080-71E2-4F74-A72E-67EA13923B49}.Debug|Any CPU.ActiveCfg = Debug|Any CPU
		{4720A080-71E2-4F74-A72E-67EA13923B49}.Debug|Any CPU.Build.0 = Debug|Any CPU
		{4720A080-71E2-4F74-A72E-67EA13923B49}.Debug|Any CPU.Deploy.0 = Debug|Any CPU
		{4720A080-71E2-4F74-A72E-67EA13923B49}.Debug|ARM.ActiveCfg = Debug|Any CPU
		{4720A080-71E2-4F74-A72E-67EA13923B49}.Debug|ARM.Build.0 = Debug|Any CPU
		{4720A080-71E2-4F74-A72E-67EA13923B49}.Debug|ARM.Deploy.0 = Debug|Any CPU
		{4720A080-71E2-4F74-A72E-67EA13923B49}.Debug|iPhone.ActiveCfg = Debug|Any CPU
		{4720A080-71E2-4F74-A72E-67EA13923B49}.Debug|iPhone.Build.0 = Debug|Any CPU
		{4720A080-71E2-4F74-A72E-67EA13923B49}.Debug|iPhone.Deploy.0 = Debug|Any CPU
		{4720A080-71E2-4F74-A72E-67EA13923B49}.Debug|iPhoneSimulator.ActiveCfg = Debug|Any CPU
		{4720A080-71E2-4F74-A72E-67EA13923B49}.Debug|iPhoneSimulator.Build.0 = Debug|Any CPU
		{4720A080-71E2-4F74-A72E-67EA13923B49}.Debug|iPhoneSimulator.Deploy.0 = Debug|Any CPU
		{4720A080-71E2-4F74-A72E-67EA13923B49}.Debug|x64.ActiveCfg = Debug|Any CPU
		{4720A080-71E2-4F74-A72E-67EA13923B49}.Debug|x64.Build.0 = Debug|Any CPU
		{4720A080-71E2-4F74-A72E-67EA13923B49}.Debug|x64.Deploy.0 = Debug|Any CPU
		{4720A080-71E2-4F74-A72E-67EA13923B49}.Debug|x86.ActiveCfg = Debug|Any CPU
		{4720A080-71E2-4F74-A72E-67EA13923B49}.Debug|x86.Build.0 = Debug|Any CPU
		{4720A080-71E2-4F74-A72E-67EA13923B49}.Debug|x86.Deploy.0 = Debug|Any CPU
		{4720A080-71E2-4F74-A72E-67EA13923B49}.Release|Any CPU.ActiveCfg = Release|Any CPU
		{4720A080-71E2-4F74-A72E-67EA13923B49}.Release|Any CPU.Build.0 = Release|Any CPU
		{4720A080-71E2-4F74-A72E-67EA13923B49}.Release|Any CPU.Deploy.0 = Release|Any CPU
		{4720A080-71E2-4F74-A72E-67EA13923B49}.Release|ARM.ActiveCfg = Release|Any CPU
		{4720A080-71E2-4F74-A72E-67EA13923B49}.Release|ARM.Build.0 = Release|Any CPU
		{4720A080-71E2-4F74-A72E-67EA13923B49}.Release|ARM.Deploy.0 = Release|Any CPU
		{4720A080-71E2-4F74-A72E-67EA13923B49}.Release|iPhone.ActiveCfg = Release|Any CPU
		{4720A080-71E2-4F74-A72E-67EA13923B49}.Release|iPhone.Build.0 = Release|Any CPU
		{4720A080-71E2-4F74-A72E-67EA13923B49}.Release|iPhone.Deploy.0 = Release|Any CPU
		{4720A080-71E2-4F74-A72E-67EA13923B49}.Release|iPhoneSimulator.ActiveCfg = Release|Any CPU
		{4720A080-71E2-4F74-A72E-67EA13923B49}.Release|iPhoneSimulator.Build.0 = Release|Any CPU
		{4720A080-71E2-4F74-A72E-67EA13923B49}.Release|iPhoneSimulator.Deploy.0 = Release|Any CPU
		{4720A080-71E2-4F74-A72E-67EA13923B49}.Release|x64.ActiveCfg = Release|Any CPU
		{4720A080-71E2-4F74-A72E-67EA13923B49}.Release|x64.Build.0 = Release|Any CPU
		{4720A080-71E2-4F74-A72E-67EA13923B49}.Release|x64.Deploy.0 = Release|Any CPU
		{4720A080-71E2-4F74-A72E-67EA13923B49}.Release|x86.ActiveCfg = Release|Any CPU
		{4720A080-71E2-4F74-A72E-67EA13923B49}.Release|x86.Build.0 = Release|Any CPU
		{4720A080-71E2-4F74-A72E-67EA13923B49}.Release|x86.Deploy.0 = Release|Any CPU
	EndGlobalSection
	GlobalSection(SolutionProperties) = preSolution
		HideSolutionNode = FALSE
	EndGlobalSection
	GlobalSection(ExtensibilityGlobals) = postSolution
		SolutionGuid = {A9F1AEDC-D2EE-4F4F-8D20-8F79F7FED54C}
	EndGlobalSection
EndGlobal
