
Microsoft Visual Studio Solution File, Format Version 12.00
# Visual Studio Version 17
VisualStudioVersion = 17.7.34202.233
MinimumVisualStudioVersion = 10.0.40219.1
Project("{FAE04EC0-301F-11D3-BF4B-00C04F79EFBC}") = "THOMAS_CHEN_EMERGENCY_LOCATION.UWP", "THOMAS_CHEN_EMERGENCY_LOCATION\THOMAS_CHEN_EMERGENCY_LOCATION.UWP\THOMAS_CHEN_EMERGENCY_LOCATION.UWP.csproj", "{EB3499F9-7318-4CC7-B869-9E5939AB4D25}"
EndProject
Project("{FAE04EC0-301F-11D3-BF4B-00C04F79EFBC}") = "THOMAS_CHEN_EMERGENCY_LOCATION.Android", "THOMAS_CHEN_EMERGENCY_LOCATION\THOMAS_CHEN_EMERGENCY_LOCATION.Android\THOMAS_CHEN_EMERGENCY_LOCATION.Android.csproj", "{6E2378D8-628C-4DB3-A8F6-2C0A0331AA00}"
EndProject
Project("{FAE04EC0-301F-11D3-BF4B-00C04F79EFBC}") = "THOMAS_CHEN_EMERGENCY_LOCATION.iOS", "THOMAS_CHEN_EMERGENCY_LOCATION\THOMAS_CHEN_EMERGENCY_LOCATION.iOS\THOMAS_CHEN_EMERGENCY_LOCATION.iOS.csproj", "{47667E54-AFCF-46E2-B4EE-0890AB39CBEF}"
EndProject
Project("{FAE04EC0-301F-11D3-BF4B-00C04F79EFBC}") = "THOMAS_CHEN_EMERGENCY_LOCATION", "THOMAS_CHEN_EMERGENCY_LOCATION\THOMAS_CHEN_EMERGENCY_LOCATION\THOMAS_CHEN_EMERGENCY_LOCATION.csproj", "{05A63361-641D-4201-845E-CB691DF9922E}"
EndProject
Global
	GlobalSection(SolutionConfigurationPlatforms) = preSolution
		Debug|Any CPU = Debug|Any CPU
		Debug|ARM = Debug|ARM
		Debug|iPhone = Debug|iPhone
		Debug|iPhoneSimulator = Debug|iPhoneSimulator
		Debug|x64 = Debug|x64
		Debug|x86 = Debug|x86
		Release|Any CPU = Release|Any CPU
		Release|ARM = Release|ARM
		Release|iPhone = Release|iPhone
		Release|iPhoneSimulator = Release|iPhoneSimulator
		Release|x64 = Release|x64
		Release|x86 = Release|x86
	EndGlobalSection
	GlobalSection(ProjectConfigurationPlatforms) = postSolution
		{EB3499F9-7318-4CC7-B869-9E5939AB4D25}.Debug|Any CPU.ActiveCfg = Debug|x64
		{EB3499F9-7318-4CC7-B869-9E5939AB4D25}.Debug|Any CPU.Build.0 = Debug|x64
		{EB3499F9-7318-4CC7-B869-9E5939AB4D25}.Debug|Any CPU.Deploy.0 = Debug|x64
		{EB3499F9-7318-4CC7-B869-9E5939AB4D25}.Debug|ARM.ActiveCfg = Debug|ARM
		{EB3499F9-7318-4CC7-B869-9E5939AB4D25}.Debug|ARM.Build.0 = Debug|ARM
		{EB3499F9-7318-4CC7-B869-9E5939AB4D25}.Debug|ARM.Deploy.0 = Debug|ARM
		{EB3499F9-7318-4CC7-B869-9E5939AB4D25}.Debug|iPhone.ActiveCfg = Debug|x64
		{EB3499F9-7318-4CC7-B869-9E5939AB4D25}.Debug|iPhone.Build.0 = Debug|x64
		{EB3499F9-7318-4CC7-B869-9E5939AB4D25}.Debug|iPhone.Deploy.0 = Debug|x64
		{EB3499F9-7318-4CC7-B869-9E5939AB4D25}.Debug|iPhoneSimulator.ActiveCfg = Debug|x64
		{EB3499F9-7318-4CC7-B869-9E5939AB4D25}.Debug|iPhoneSimulator.Build.0 = Debug|x64
		{EB3499F9-7318-4CC7-B869-9E5939AB4D25}.Debug|iPhoneSimulator.Deploy.0 = Debug|x64
		{EB3499F9-7318-4CC7-B869-9E5939AB4D25}.Debug|x64.ActiveCfg = Debug|x64
		{EB3499F9-7318-4CC7-B869-9E5939AB4D25}.Debug|x64.Build.0 = Debug|x64
		{EB3499F9-7318-4CC7-B869-9E5939AB4D25}.Debug|x64.Deploy.0 = Debug|x64
		{EB3499F9-7318-4CC7-B869-9E5939AB4D25}.Debug|x86.ActiveCfg = Debug|x86
		{EB3499F9-7318-4CC7-B869-9E5939AB4D25}.Debug|x86.Build.0 = Debug|x86
		{EB3499F9-7318-4CC7-B869-9E5939AB4D25}.Debug|x86.Deploy.0 = Debug|x86
		{EB3499F9-7318-4CC7-B869-9E5939AB4D25}.Release|Any CPU.ActiveCfg = Release|x64
		{EB3499F9-7318-4CC7-B869-9E5939AB4D25}.Release|Any CPU.Build.0 = Release|x64
		{EB3499F9-7318-4CC7-B869-9E5939AB4D25}.Release|Any CPU.Deploy.0 = Release|x64
		{EB3499F9-7318-4CC7-B869-9E5939AB4D25}.Release|ARM.ActiveCfg = Release|ARM
		{EB3499F9-7318-4CC7-B869-9E5939AB4D25}.Release|ARM.Build.0 = Release|ARM
		{EB3499F9-7318-4CC7-B869-9E5939AB4D25}.Release|ARM.Deploy.0 = Release|ARM
		{EB3499F9-7318-4CC7-B869-9E5939AB4D25}.Release|iPhone.ActiveCfg = Release|x64
		{EB3499F9-7318-4CC7-B869-9E5939AB4D25}.Release|iPhone.Build.0 = Release|x64
		{EB3499F9-7318-4CC7-B869-9E5939AB4D25}.Release|iPhone.Deploy.0 = Release|x64
		{EB3499F9-7318-4CC7-B869-9E5939AB4D25}.Release|iPhoneSimulator.ActiveCfg = Release|x64
		{EB3499F9-7318-4CC7-B869-9E5939AB4D25}.Release|iPhoneSimulator.Build.0 = Release|x64
		{EB3499F9-7318-4CC7-B869-9E5939AB4D25}.Release|iPhoneSimulator.Deploy.0 = Release|x64
		{EB3499F9-7318-4CC7-B869-9E5939AB4D25}.Release|x64.ActiveCfg = Release|x64
		{EB3499F9-7318-4CC7-B869-9E5939AB4D25}.Release|x64.Build.0 = Release|x64
		{EB3499F9-7318-4CC7-B869-9E5939AB4D25}.Release|x64.Deploy.0 = Release|x64
		{EB3499F9-7318-4CC7-B869-9E5939AB4D25}.Release|x86.ActiveCfg = Release|x86
		{EB3499F9-7318-4CC7-B869-9E5939AB4D25}.Release|x86.Build.0 = Release|x86
		{EB3499F9-7318-4CC7-B869-9E5939AB4D25}.Release|x86.Deploy.0 = Release|x86
		{6E2378D8-628C-4DB3-A8F6-2C0A0331AA00}.Debug|Any CPU.ActiveCfg = Debug|Any CPU
		{6E2378D8-628C-4DB3-A8F6-2C0A0331AA00}.Debug|Any CPU.Build.0 = Debug|Any CPU
		{6E2378D8-628C-4DB3-A8F6-2C0A0331AA00}.Debug|Any CPU.Deploy.0 = Debug|Any CPU
		{6E2378D8-628C-4DB3-A8F6-2C0A0331AA00}.Debug|ARM.ActiveCfg = Debug|Any CPU
		{6E2378D8-628C-4DB3-A8F6-2C0A0331AA00}.Debug|ARM.Build.0 = Debug|Any CPU
		{6E2378D8-628C-4DB3-A8F6-2C0A0331AA00}.Debug|ARM.Deploy.0 = Debug|Any CPU
		{6E2378D8-628C-4DB3-A8F6-2C0A0331AA00}.Debug|iPhone.ActiveCfg = Debug|Any CPU
		{6E2378D8-628C-4DB3-A8F6-2C0A0331AA00}.Debug|iPhone.Build.0 = Debug|Any CPU
		{6E2378D8-628C-4DB3-A8F6-2C0A0331AA00}.Debug|iPhone.Deploy.0 = Debug|Any CPU
		{6E2378D8-628C-4DB3-A8F6-2C0A0331AA00}.Debug|iPhoneSimulator.ActiveCfg = Debug|Any CPU
		{6E2378D8-628C-4DB3-A8F6-2C0A0331AA00}.Debug|iPhoneSimulator.Build.0 = Debug|Any CPU
		{6E2378D8-628C-4DB3-A8F6-2C0A0331AA00}.Debug|iPhoneSimulator.Deploy.0 = Debug|Any CPU
		{6E2378D8-628C-4DB3-A8F6-2C0A0331AA00}.Debug|x64.ActiveCfg = Debug|Any CPU
		{6E2378D8-628C-4DB3-A8F6-2C0A0331AA00}.Debug|x64.Build.0 = Debug|Any CPU
		{6E2378D8-628C-4DB3-A8F6-2C0A0331AA00}.Debug|x64.Deploy.0 = Debug|Any CPU
		{6E2378D8-628C-4DB3-A8F6-2C0A0331AA00}.Debug|x86.ActiveCfg = Debug|Any CPU
		{6E2378D8-628C-4DB3-A8F6-2C0A0331AA00}.Debug|x86.Build.0 = Debug|Any CPU
		{6E2378D8-628C-4DB3-A8F6-2C0A0331AA00}.Debug|x86.Deploy.0 = Debug|Any CPU
		{6E2378D8-628C-4DB3-A8F6-2C0A0331AA00}.Release|Any CPU.ActiveCfg = Release|Any CPU
		{6E2378D8-628C-4DB3-A8F6-2C0A0331AA00}.Release|Any CPU.Build.0 = Release|Any CPU
		{6E2378D8-628C-4DB3-A8F6-2C0A0331AA00}.Release|Any CPU.Deploy.0 = Release|Any CPU
		{6E2378D8-628C-4DB3-A8F6-2C0A0331AA00}.Release|ARM.ActiveCfg = Release|Any CPU
		{6E2378D8-628C-4DB3-A8F6-2C0A0331AA00}.Release|ARM.Build.0 = Release|Any CPU
		{6E2378D8-628C-4DB3-A8F6-2C0A0331AA00}.Release|ARM.Deploy.0 = Release|Any CPU
		{6E2378D8-628C-4DB3-A8F6-2C0A0331AA00}.Release|iPhone.ActiveCfg = Release|Any CPU
		{6E2378D8-628C-4DB3-A8F6-2C0A0331AA00}.Release|iPhone.Build.0 = Release|Any CPU
		{6E2378D8-628C-4DB3-A8F6-2C0A0331AA00}.Release|iPhone.Deploy.0 = Release|Any CPU
		{6E2378D8-628C-4DB3-A8F6-2C0A0331AA00}.Release|iPhoneSimulator.ActiveCfg = Release|Any CPU
		{6E2378D8-628C-4DB3-A8F6-2C0A0331AA00}.Release|iPhoneSimulator.Build.0 = Release|Any CPU
		{6E2378D8-628C-4DB3-A8F6-2C0A0331AA00}.Release|iPhoneSimulator.Deploy.0 = Release|Any CPU
		{6E2378D8-628C-4DB3-A8F6-2C0A0331AA00}.Release|x64.ActiveCfg = Release|Any CPU
		{6E2378D8-628C-4DB3-A8F6-2C0A0331AA00}.Release|x64.Build.0 = Release|Any CPU
		{6E2378D8-628C-4DB3-A8F6-2C0A0331AA00}.Release|x64.Deploy.0 = Release|Any CPU
		{6E2378D8-628C-4DB3-A8F6-2C0A0331AA00}.Release|x86.ActiveCfg = Release|Any CPU
		{6E2378D8-628C-4DB3-A8F6-2C0A0331AA00}.Release|x86.Build.0 = Release|Any CPU
		{6E2378D8-628C-4DB3-A8F6-2C0A0331AA00}.Release|x86.Deploy.0 = Release|Any CPU
		{47667E54-AFCF-46E2-B4EE-0890AB39CBEF}.Debug|Any CPU.ActiveCfg = Debug|iPhoneSimulator
		{47667E54-AFCF-46E2-B4EE-0890AB39CBEF}.Debug|Any CPU.Build.0 = Debug|iPhoneSimulator
		{47667E54-AFCF-46E2-B4EE-0890AB39CBEF}.Debug|Any CPU.Deploy.0 = Debug|iPhoneSimulator
		{47667E54-AFCF-46E2-B4EE-0890AB39CBEF}.Debug|ARM.ActiveCfg = Debug|iPhoneSimulator
		{47667E54-AFCF-46E2-B4EE-0890AB39CBEF}.Debug|ARM.Build.0 = Debug|iPhoneSimulator
		{47667E54-AFCF-46E2-B4EE-0890AB39CBEF}.Debug|ARM.Deploy.0 = Debug|iPhoneSimulator
		{47667E54-AFCF-46E2-B4EE-0890AB39CBEF}.Debug|iPhone.ActiveCfg = Debug|iPhone
		{47667E54-AFCF-46E2-B4EE-0890AB39CBEF}.Debug|iPhone.Build.0 = Debug|iPhone
		{47667E54-AFCF-46E2-B4EE-0890AB39CBEF}.Debug|iPhone.Deploy.0 = Debug|iPhone
		{47667E54-AFCF-46E2-B4EE-0890AB39CBEF}.Debug|iPhoneSimulator.ActiveCfg = Debug|iPhoneSimulator
		{47667E54-AFCF-46E2-B4EE-0890AB39CBEF}.Debug|iPhoneSimulator.Build.0 = Debug|iPhoneSimulator
		{47667E54-AFCF-46E2-B4EE-0890AB39CBEF}.Debug|iPhoneSimulator.Deploy.0 = Debug|iPhoneSimulator
		{47667E54-AFCF-46E2-B4EE-0890AB39CBEF}.Debug|x64.ActiveCfg = Debug|iPhone
		{47667E54-AFCF-46E2-B4EE-0890AB39CBEF}.Debug|x64.Build.0 = Debug|iPhone
		{47667E54-AFCF-46E2-B4EE-0890AB39CBEF}.Debug|x64.Deploy.0 = Debug|iPhone
		{47667E54-AFCF-46E2-B4EE-0890AB39CBEF}.Debug|x86.ActiveCfg = Debug|iPhoneSimulator
		{47667E54-AFCF-46E2-B4EE-0890AB39CBEF}.Debug|x86.Build.0 = Debug|iPhoneSimulator
		{47667E54-AFCF-46E2-B4EE-0890AB39CBEF}.Debug|x86.Deploy.0 = Debug|iPhoneSimulator
		{47667E54-AFCF-46E2-B4EE-0890AB39CBEF}.Release|Any CPU.ActiveCfg = Release|iPhoneSimulator
		{47667E54-AFCF-46E2-B4EE-0890AB39CBEF}.Release|Any CPU.Build.0 = Release|iPhoneSimulator
		{47667E54-AFCF-46E2-B4EE-0890AB39CBEF}.Release|Any CPU.Deploy.0 = Release|iPhoneSimulator
		{47667E54-AFCF-46E2-B4EE-0890AB39CBEF}.Release|ARM.ActiveCfg = Release|iPhoneSimulator
		{47667E54-AFCF-46E2-B4EE-0890AB39CBEF}.Release|ARM.Build.0 = Release|iPhoneSimulator
		{47667E54-AFCF-46E2-B4EE-0890AB39CBEF}.Release|ARM.Deploy.0 = Release|iPhoneSimulator
		{47667E54-AFCF-46E2-B4EE-0890AB39CBEF}.Release|iPhone.ActiveCfg = Release|iPhone
		{47667E54-AFCF-46E2-B4EE-0890AB39CBEF}.Release|iPhone.Build.0 = Release|iPhone
		{47667E54-AFCF-46E2-B4EE-0890AB39CBEF}.Release|iPhone.Deploy.0 = Release|iPhone
		{47667E54-AFCF-46E2-B4EE-0890AB39CBEF}.Release|iPhoneSimulator.ActiveCfg = Release|iPhoneSimulator
		{47667E54-AFCF-46E2-B4EE-0890AB39CBEF}.Release|iPhoneSimulator.Build.0 = Release|iPhoneSimulator
		{47667E54-AFCF-46E2-B4EE-0890AB39CBEF}.Release|iPhoneSimulator.Deploy.0 = Release|iPhoneSimulator
		{47667E54-AFCF-46E2-B4EE-0890AB39CBEF}.Release|x64.ActiveCfg = Release|iPhoneSimulator
		{47667E54-AFCF-46E2-B4EE-0890AB39CBEF}.Release|x64.Build.0 = Release|iPhoneSimulator
		{47667E54-AFCF-46E2-B4EE-0890AB39CBEF}.Release|x64.Deploy.0 = Release|iPhoneSimulator
		{47667E54-AFCF-46E2-B4EE-0890AB39CBEF}.Release|x86.ActiveCfg = Release|iPhoneSimulator
		{47667E54-AFCF-46E2-B4EE-0890AB39CBEF}.Release|x86.Build.0 = Release|iPhoneSimulator
		{47667E54-AFCF-46E2-B4EE-0890AB39CBEF}.Release|x86.Deploy.0 = Release|iPhoneSimulator
		{05A63361-641D-4201-845E-CB691DF9922E}.Debug|Any CPU.ActiveCfg = Debug|Any CPU
		{05A63361-641D-4201-845E-CB691DF9922E}.Debug|Any CPU.Build.0 = Debug|Any CPU
		{05A63361-641D-4201-845E-CB691DF9922E}.Debug|Any CPU.Deploy.0 = Debug|Any CPU
		{05A63361-641D-4201-845E-CB691DF9922E}.Debug|ARM.ActiveCfg = Debug|Any CPU
		{05A63361-641D-4201-845E-CB691DF9922E}.Debug|ARM.Build.0 = Debug|Any CPU
		{05A63361-641D-4201-845E-CB691DF9922E}.Debug|ARM.Deploy.0 = Debug|Any CPU
		{05A63361-641D-4201-845E-CB691DF9922E}.Debug|iPhone.ActiveCfg = Debug|Any CPU
		{05A63361-641D-4201-845E-CB691DF9922E}.Debug|iPhone.Build.0 = Debug|Any CPU
		{05A63361-641D-4201-845E-CB691DF9922E}.Debug|iPhone.Deploy.0 = Debug|Any CPU
		{05A63361-641D-4201-845E-CB691DF9922E}.Debug|iPhoneSimulator.ActiveCfg = Debug|Any CPU
		{05A63361-641D-4201-845E-CB691DF9922E}.Debug|iPhoneSimulator.Build.0 = Debug|Any CPU
		{05A63361-641D-4201-845E-CB691DF9922E}.Debug|iPhoneSimulator.Deploy.0 = Debug|Any CPU
		{05A63361-641D-4201-845E-CB691DF9922E}.Debug|x64.ActiveCfg = Debug|Any CPU
		{05A63361-641D-4201-845E-CB691DF9922E}.Debug|x64.Build.0 = Debug|Any CPU
		{05A63361-641D-4201-845E-CB691DF9922E}.Debug|x64.Deploy.0 = Debug|Any CPU
		{05A63361-641D-4201-845E-CB691DF9922E}.Debug|x86.ActiveCfg = Debug|Any CPU
		{05A63361-641D-4201-845E-CB691DF9922E}.Debug|x86.Build.0 = Debug|Any CPU
		{05A63361-641D-4201-845E-CB691DF9922E}.Debug|x86.Deploy.0 = Debug|Any CPU
		{05A63361-641D-4201-845E-CB691DF9922E}.Release|Any CPU.ActiveCfg = Release|Any CPU
		{05A63361-641D-4201-845E-CB691DF9922E}.Release|Any CPU.Build.0 = Release|Any CPU
		{05A63361-641D-4201-845E-CB691DF9922E}.Release|Any CPU.Deploy.0 = Release|Any CPU
		{05A63361-641D-4201-845E-CB691DF9922E}.Release|ARM.ActiveCfg = Release|Any CPU
		{05A63361-641D-4201-845E-CB691DF9922E}.Release|ARM.Build.0 = Release|Any CPU
		{05A63361-641D-4201-845E-CB691DF9922E}.Release|ARM.Deploy.0 = Release|Any CPU
		{05A63361-641D-4201-845E-CB691DF9922E}.Release|iPhone.ActiveCfg = Release|Any CPU
		{05A63361-641D-4201-845E-CB691DF9922E}.Release|iPhone.Build.0 = Release|Any CPU
		{05A63361-641D-4201-845E-CB691DF9922E}.Release|iPhone.Deploy.0 = Release|Any CPU
		{05A63361-641D-4201-845E-CB691DF9922E}.Release|iPhoneSimulator.ActiveCfg = Release|Any CPU
		{05A63361-641D-4201-845E-CB691DF9922E}.Release|iPhoneSimulator.Build.0 = Release|Any CPU
		{05A63361-641D-4201-845E-CB691DF9922E}.Release|iPhoneSimulator.Deploy.0 = Release|Any CPU
		{05A63361-641D-4201-845E-CB691DF9922E}.Release|x64.ActiveCfg = Release|Any CPU
		{05A63361-641D-4201-845E-CB691DF9922E}.Release|x64.Build.0 = Release|Any CPU
		{05A63361-641D-4201-845E-CB691DF9922E}.Release|x64.Deploy.0 = Release|Any CPU
		{05A63361-641D-4201-845E-CB691DF9922E}.Release|x86.ActiveCfg = Release|Any CPU
		{05A63361-641D-4201-845E-CB691DF9922E}.Release|x86.Build.0 = Release|Any CPU
		{05A63361-641D-4201-845E-CB691DF9922E}.Release|x86.Deploy.0 = Release|Any CPU
	EndGlobalSection
	GlobalSection(SolutionProperties) = preSolution
		HideSolutionNode = FALSE
	EndGlobalSection
	GlobalSection(ExtensibilityGlobals) = postSolution
		SolutionGuid = {2F9F4CD9-E24F-40BD-9C2C-D761346E91B4}
	EndGlobalSection
EndGlobal
