
Microsoft Visual Studio Solution File, Format Version 12.00
# Visual Studio Version 17
VisualStudioVersion = 17.4.33213.308
MinimumVisualStudioVersion = 10.0.40219.1
Project("{FAE04EC0-301F-11D3-BF4B-00C04F79EFBC}") = "Thomas Chen Quote App.UWP", "Thomas Chen Quote App\Thomas Chen Quote App.UWP\Thomas Chen Quote App.UWP.csproj", "{6732EB24-2FAD-464F-BADA-FB6698A951C9}"
EndProject
Project("{FAE04EC0-301F-11D3-BF4B-00C04F79EFBC}") = "Thomas Chen Quote App.Android", "Thomas Chen Quote App\Thomas Chen Quote App.Android\Thomas Chen Quote App.Android.csproj", "{95DEDBBE-9DCD-4A57-9249-9133DB21E8E2}"
EndProject
Project("{FAE04EC0-301F-11D3-BF4B-00C04F79EFBC}") = "Thomas Chen Quote App.iOS", "Thomas Chen Quote App\Thomas Chen Quote App.iOS\Thomas Chen Quote App.iOS.csproj", "{0B3A875E-002A-4A9E-A1DE-44769F3CB8AB}"
EndProject
Project("{FAE04EC0-301F-11D3-BF4B-00C04F79EFBC}") = "Thomas Chen Quote App", "Thomas Chen Quote App\Thomas Chen Quote App\Thomas Chen Quote App.csproj", "{39AD2B05-1BAD-40D1-83CC-3B689350491A}"
EndProject
Global
	GlobalSection(SolutionConfigurationPlatforms) = preSolution
		Debug|Any CPU = Debug|Any CPU
		Debug|ARM = Debug|ARM
		Debug|iPhone = Debug|iPhone
		Debug|iPhoneSimulator = Debug|iPhoneSimulator
		Debug|x64 = Debug|x64
		Debug|x86 = Debug|x86
		Release|Any CPU = Release|Any CPU
		Release|ARM = Release|ARM
		Release|iPhone = Release|iPhone
		Release|iPhoneSimulator = Release|iPhoneSimulator
		Release|x64 = Release|x64
		Release|x86 = Release|x86
	EndGlobalSection
	GlobalSection(ProjectConfigurationPlatforms) = postSolution
		{6732EB24-2FAD-464F-BADA-FB6698A951C9}.Debug|Any CPU.ActiveCfg = Debug|x64
		{6732EB24-2FAD-464F-BADA-FB6698A951C9}.Debug|Any CPU.Build.0 = Debug|x64
		{6732EB24-2FAD-464F-BADA-FB6698A951C9}.Debug|Any CPU.Deploy.0 = Debug|x64
		{6732EB24-2FAD-464F-BADA-FB6698A951C9}.Debug|ARM.ActiveCfg = Debug|ARM
		{6732EB24-2FAD-464F-BADA-FB6698A951C9}.Debug|ARM.Build.0 = Debug|ARM
		{6732EB24-2FAD-464F-BADA-FB6698A951C9}.Debug|ARM.Deploy.0 = Debug|ARM
		{6732EB24-2FAD-464F-BADA-FB6698A951C9}.Debug|iPhone.ActiveCfg = Debug|x64
		{6732EB24-2FAD-464F-BADA-FB6698A951C9}.Debug|iPhone.Build.0 = Debug|x64
		{6732EB24-2FAD-464F-BADA-FB6698A951C9}.Debug|iPhone.Deploy.0 = Debug|x64
		{6732EB24-2FAD-464F-BADA-FB6698A951C9}.Debug|iPhoneSimulator.ActiveCfg = Debug|x64
		{6732EB24-2FAD-464F-BADA-FB6698A951C9}.Debug|iPhoneSimulator.Build.0 = Debug|x64
		{6732EB24-2FAD-464F-BADA-FB6698A951C9}.Debug|iPhoneSimulator.Deploy.0 = Debug|x64
		{6732EB24-2FAD-464F-BADA-FB6698A951C9}.Debug|x64.ActiveCfg = Debug|x64
		{6732EB24-2FAD-464F-BADA-FB6698A951C9}.Debug|x64.Build.0 = Debug|x64
		{6732EB24-2FAD-464F-BADA-FB6698A951C9}.Debug|x64.Deploy.0 = Debug|x64
		{6732EB24-2FAD-464F-BADA-FB6698A951C9}.Debug|x86.ActiveCfg = Debug|x86
		{6732EB24-2FAD-464F-BADA-FB6698A951C9}.Debug|x86.Build.0 = Debug|x86
		{6732EB24-2FAD-464F-BADA-FB6698A951C9}.Debug|x86.Deploy.0 = Debug|x86
		{6732EB24-2FAD-464F-BADA-FB6698A951C9}.Release|Any CPU.ActiveCfg = Release|x64
		{6732EB24-2FAD-464F-BADA-FB6698A951C9}.Release|Any CPU.Build.0 = Release|x64
		{6732EB24-2FAD-464F-BADA-FB6698A951C9}.Release|Any CPU.Deploy.0 = Release|x64
		{6732EB24-2FAD-464F-BADA-FB6698A951C9}.Release|ARM.ActiveCfg = Release|ARM
		{6732EB24-2FAD-464F-BADA-FB6698A951C9}.Release|ARM.Build.0 = Release|ARM
		{6732EB24-2FAD-464F-BADA-FB6698A951C9}.Release|ARM.Deploy.0 = Release|ARM
		{6732EB24-2FAD-464F-BADA-FB6698A951C9}.Release|iPhone.ActiveCfg = Release|x64
		{6732EB24-2FAD-464F-BADA-FB6698A951C9}.Release|iPhone.Build.0 = Release|x64
		{6732EB24-2FAD-464F-BADA-FB6698A951C9}.Release|iPhone.Deploy.0 = Release|x64
		{6732EB24-2FAD-464F-BADA-FB6698A951C9}.Release|iPhoneSimulator.ActiveCfg = Release|x64
		{6732EB24-2FAD-464F-BADA-FB6698A951C9}.Release|iPhoneSimulator.Build.0 = Release|x64
		{6732EB24-2FAD-464F-BADA-FB6698A951C9}.Release|iPhoneSimulator.Deploy.0 = Release|x64
		{6732EB24-2FAD-464F-BADA-FB6698A951C9}.Release|x64.ActiveCfg = Release|x64
		{6732EB24-2FAD-464F-BADA-FB6698A951C9}.Release|x64.Build.0 = Release|x64
		{6732EB24-2FAD-464F-BADA-FB6698A951C9}.Release|x64.Deploy.0 = Release|x64
		{6732EB24-2FAD-464F-BADA-FB6698A951C9}.Release|x86.ActiveCfg = Release|x86
		{6732EB24-2FAD-464F-BADA-FB6698A951C9}.Release|x86.Build.0 = Release|x86
		{6732EB24-2FAD-464F-BADA-FB6698A951C9}.Release|x86.Deploy.0 = Release|x86
		{95DEDBBE-9DCD-4A57-9249-9133DB21E8E2}.Debug|Any CPU.ActiveCfg = Debug|Any CPU
		{95DEDBBE-9DCD-4A57-9249-9133DB21E8E2}.Debug|Any CPU.Build.0 = Debug|Any CPU
		{95DEDBBE-9DCD-4A57-9249-9133DB21E8E2}.Debug|Any CPU.Deploy.0 = Debug|Any CPU
		{95DEDBBE-9DCD-4A57-9249-9133DB21E8E2}.Debug|ARM.ActiveCfg = Debug|Any CPU
		{95DEDBBE-9DCD-4A57-9249-9133DB21E8E2}.Debug|ARM.Build.0 = Debug|Any CPU
		{95DEDBBE-9DCD-4A57-9249-9133DB21E8E2}.Debug|ARM.Deploy.0 = Debug|Any CPU
		{95DEDBBE-9DCD-4A57-9249-9133DB21E8E2}.Debug|iPhone.ActiveCfg = Debug|Any CPU
		{95DEDBBE-9DCD-4A57-9249-9133DB21E8E2}.Debug|iPhone.Build.0 = Debug|Any CPU
		{95DEDBBE-9DCD-4A57-9249-9133DB21E8E2}.Debug|iPhone.Deploy.0 = Debug|Any CPU
		{95DEDBBE-9DCD-4A57-9249-9133DB21E8E2}.Debug|iPhoneSimulator.ActiveCfg = Debug|Any CPU
		{95DEDBBE-9DCD-4A57-9249-9133DB21E8E2}.Debug|iPhoneSimulator.Build.0 = Debug|Any CPU
		{95DEDBBE-9DCD-4A57-9249-9133DB21E8E2}.Debug|iPhoneSimulator.Deploy.0 = Debug|Any CPU
		{95DEDBBE-9DCD-4A57-9249-9133DB21E8E2}.Debug|x64.ActiveCfg = Debug|Any CPU
		{95DEDBBE-9DCD-4A57-9249-9133DB21E8E2}.Debug|x64.Build.0 = Debug|Any CPU
		{95DEDBBE-9DCD-4A57-9249-9133DB21E8E2}.Debug|x64.Deploy.0 = Debug|Any CPU
		{95DEDBBE-9DCD-4A57-9249-9133DB21E8E2}.Debug|x86.ActiveCfg = Debug|Any CPU
		{95DEDBBE-9DCD-4A57-9249-9133DB21E8E2}.Debug|x86.Build.0 = Debug|Any CPU
		{95DEDBBE-9DCD-4A57-9249-9133DB21E8E2}.Debug|x86.Deploy.0 = Debug|Any CPU
		{95DEDBBE-9DCD-4A57-9249-9133DB21E8E2}.Release|Any CPU.ActiveCfg = Release|Any CPU
		{95DEDBBE-9DCD-4A57-9249-9133DB21E8E2}.Release|Any CPU.Build.0 = Release|Any CPU
		{95DEDBBE-9DCD-4A57-9249-9133DB21E8E2}.Release|Any CPU.Deploy.0 = Release|Any CPU
		{95DEDBBE-9DCD-4A57-9249-9133DB21E8E2}.Release|ARM.ActiveCfg = Release|Any CPU
		{95DEDBBE-9DCD-4A57-9249-9133DB21E8E2}.Release|ARM.Build.0 = Release|Any CPU
		{95DEDBBE-9DCD-4A57-9249-9133DB21E8E2}.Release|ARM.Deploy.0 = Release|Any CPU
		{95DEDBBE-9DCD-4A57-9249-9133DB21E8E2}.Release|iPhone.ActiveCfg = Release|Any CPU
		{95DEDBBE-9DCD-4A57-9249-9133DB21E8E2}.Release|iPhone.Build.0 = Release|Any CPU
		{95DEDBBE-9DCD-4A57-9249-9133DB21E8E2}.Release|iPhone.Deploy.0 = Release|Any CPU
		{95DEDBBE-9DCD-4A57-9249-9133DB21E8E2}.Release|iPhoneSimulator.ActiveCfg = Release|Any CPU
		{95DEDBBE-9DCD-4A57-9249-9133DB21E8E2}.Release|iPhoneSimulator.Build.0 = Release|Any CPU
		{95DEDBBE-9DCD-4A57-9249-9133DB21E8E2}.Release|iPhoneSimulator.Deploy.0 = Release|Any CPU
		{95DEDBBE-9DCD-4A57-9249-9133DB21E8E2}.Release|x64.ActiveCfg = Release|Any CPU
		{95DEDBBE-9DCD-4A57-9249-9133DB21E8E2}.Release|x64.Build.0 = Release|Any CPU
		{95DEDBBE-9DCD-4A57-9249-9133DB21E8E2}.Release|x64.Deploy.0 = Release|Any CPU
		{95DEDBBE-9DCD-4A57-9249-9133DB21E8E2}.Release|x86.ActiveCfg = Release|Any CPU
		{95DEDBBE-9DCD-4A57-9249-9133DB21E8E2}.Release|x86.Build.0 = Release|Any CPU
		{95DEDBBE-9DCD-4A57-9249-9133DB21E8E2}.Release|x86.Deploy.0 = Release|Any CPU
		{0B3A875E-002A-4A9E-A1DE-44769F3CB8AB}.Debug|Any CPU.ActiveCfg = Debug|iPhoneSimulator
		{0B3A875E-002A-4A9E-A1DE-44769F3CB8AB}.Debug|Any CPU.Build.0 = Debug|iPhoneSimulator
		{0B3A875E-002A-4A9E-A1DE-44769F3CB8AB}.Debug|Any CPU.Deploy.0 = Debug|iPhoneSimulator
		{0B3A875E-002A-4A9E-A1DE-44769F3CB8AB}.Debug|ARM.ActiveCfg = Debug|iPhoneSimulator
		{0B3A875E-002A-4A9E-A1DE-44769F3CB8AB}.Debug|ARM.Build.0 = Debug|iPhoneSimulator
		{0B3A875E-002A-4A9E-A1DE-44769F3CB8AB}.Debug|ARM.Deploy.0 = Debug|iPhoneSimulator
		{0B3A875E-002A-4A9E-A1DE-44769F3CB8AB}.Debug|iPhone.ActiveCfg = Debug|iPhone
		{0B3A875E-002A-4A9E-A1DE-44769F3CB8AB}.Debug|iPhone.Build.0 = Debug|iPhone
		{0B3A875E-002A-4A9E-A1DE-44769F3CB8AB}.Debug|iPhone.Deploy.0 = Debug|iPhone
		{0B3A875E-002A-4A9E-A1DE-44769F3CB8AB}.Debug|iPhoneSimulator.ActiveCfg = Debug|iPhoneSimulator
		{0B3A875E-002A-4A9E-A1DE-44769F3CB8AB}.Debug|iPhoneSimulator.Build.0 = Debug|iPhoneSimulator
		{0B3A875E-002A-4A9E-A1DE-44769F3CB8AB}.Debug|iPhoneSimulator.Deploy.0 = Debug|iPhoneSimulator
		{0B3A875E-002A-4A9E-A1DE-44769F3CB8AB}.Debug|x64.ActiveCfg = Debug|iPhone
		{0B3A875E-002A-4A9E-A1DE-44769F3CB8AB}.Debug|x64.Build.0 = Debug|iPhone
		{0B3A875E-002A-4A9E-A1DE-44769F3CB8AB}.Debug|x64.Deploy.0 = Debug|iPhone
		{0B3A875E-002A-4A9E-A1DE-44769F3CB8AB}.Debug|x86.ActiveCfg = Debug|iPhoneSimulator
		{0B3A875E-002A-4A9E-A1DE-44769F3CB8AB}.Debug|x86.Build.0 = Debug|iPhoneSimulator
		{0B3A875E-002A-4A9E-A1DE-44769F3CB8AB}.Debug|x86.Deploy.0 = Debug|iPhoneSimulator
		{0B3A875E-002A-4A9E-A1DE-44769F3CB8AB}.Release|Any CPU.ActiveCfg = Release|iPhoneSimulator
		{0B3A875E-002A-4A9E-A1DE-44769F3CB8AB}.Release|Any CPU.Build.0 = Release|iPhoneSimulator
		{0B3A875E-002A-4A9E-A1DE-44769F3CB8AB}.Release|Any CPU.Deploy.0 = Release|iPhoneSimulator
		{0B3A875E-002A-4A9E-A1DE-44769F3CB8AB}.Release|ARM.ActiveCfg = Release|iPhoneSimulator
		{0B3A875E-002A-4A9E-A1DE-44769F3CB8AB}.Release|ARM.Build.0 = Release|iPhoneSimulator
		{0B3A875E-002A-4A9E-A1DE-44769F3CB8AB}.Release|ARM.Deploy.0 = Release|iPhoneSimulator
		{0B3A875E-002A-4A9E-A1DE-44769F3CB8AB}.Release|iPhone.ActiveCfg = Release|iPhone
		{0B3A875E-002A-4A9E-A1DE-44769F3CB8AB}.Release|iPhone.Build.0 = Release|iPhone
		{0B3A875E-002A-4A9E-A1DE-44769F3CB8AB}.Release|iPhone.Deploy.0 = Release|iPhone
		{0B3A875E-002A-4A9E-A1DE-44769F3CB8AB}.Release|iPhoneSimulator.ActiveCfg = Release|iPhoneSimulator
		{0B3A875E-002A-4A9E-A1DE-44769F3CB8AB}.Release|iPhoneSimulator.Build.0 = Release|iPhoneSimulator
		{0B3A875E-002A-4A9E-A1DE-44769F3CB8AB}.Release|iPhoneSimulator.Deploy.0 = Release|iPhoneSimulator
		{0B3A875E-002A-4A9E-A1DE-44769F3CB8AB}.Release|x64.ActiveCfg = Release|iPhoneSimulator
		{0B3A875E-002A-4A9E-A1DE-44769F3CB8AB}.Release|x64.Build.0 = Release|iPhoneSimulator
		{0B3A875E-002A-4A9E-A1DE-44769F3CB8AB}.Release|x64.Deploy.0 = Release|iPhoneSimulator
		{0B3A875E-002A-4A9E-A1DE-44769F3CB8AB}.Release|x86.ActiveCfg = Release|iPhoneSimulator
		{0B3A875E-002A-4A9E-A1DE-44769F3CB8AB}.Release|x86.Build.0 = Release|iPhoneSimulator
		{0B3A875E-002A-4A9E-A1DE-44769F3CB8AB}.Release|x86.Deploy.0 = Release|iPhoneSimulator
		{39AD2B05-1BAD-40D1-83CC-3B689350491A}.Debug|Any CPU.ActiveCfg = Debug|Any CPU
		{39AD2B05-1BAD-40D1-83CC-3B689350491A}.Debug|Any CPU.Build.0 = Debug|Any CPU
		{39AD2B05-1BAD-40D1-83CC-3B689350491A}.Debug|Any CPU.Deploy.0 = Debug|Any CPU
		{39AD2B05-1BAD-40D1-83CC-3B689350491A}.Debug|ARM.ActiveCfg = Debug|Any CPU
		{39AD2B05-1BAD-40D1-83CC-3B689350491A}.Debug|ARM.Build.0 = Debug|Any CPU
		{39AD2B05-1BAD-40D1-83CC-3B689350491A}.Debug|ARM.Deploy.0 = Debug|Any CPU
		{39AD2B05-1BAD-40D1-83CC-3B689350491A}.Debug|iPhone.ActiveCfg = Debug|Any CPU
		{39AD2B05-1BAD-40D1-83CC-3B689350491A}.Debug|iPhone.Build.0 = Debug|Any CPU
		{39AD2B05-1BAD-40D1-83CC-3B689350491A}.Debug|iPhone.Deploy.0 = Debug|Any CPU
		{39AD2B05-1BAD-40D1-83CC-3B689350491A}.Debug|iPhoneSimulator.ActiveCfg = Debug|Any CPU
		{39AD2B05-1BAD-40D1-83CC-3B689350491A}.Debug|iPhoneSimulator.Build.0 = Debug|Any CPU
		{39AD2B05-1BAD-40D1-83CC-3B689350491A}.Debug|iPhoneSimulator.Deploy.0 = Debug|Any CPU
		{39AD2B05-1BAD-40D1-83CC-3B689350491A}.Debug|x64.ActiveCfg = Debug|Any CPU
		{39AD2B05-1BAD-40D1-83CC-3B689350491A}.Debug|x64.Build.0 = Debug|Any CPU
		{39AD2B05-1BAD-40D1-83CC-3B689350491A}.Debug|x64.Deploy.0 = Debug|Any CPU
		{39AD2B05-1BAD-40D1-83CC-3B689350491A}.Debug|x86.ActiveCfg = Debug|Any CPU
		{39AD2B05-1BAD-40D1-83CC-3B689350491A}.Debug|x86.Build.0 = Debug|Any CPU
		{39AD2B05-1BAD-40D1-83CC-3B689350491A}.Debug|x86.Deploy.0 = Debug|Any CPU
		{39AD2B05-1BAD-40D1-83CC-3B689350491A}.Release|Any CPU.ActiveCfg = Release|Any CPU
		{39AD2B05-1BAD-40D1-83CC-3B689350491A}.Release|Any CPU.Build.0 = Release|Any CPU
		{39AD2B05-1BAD-40D1-83CC-3B689350491A}.Release|Any CPU.Deploy.0 = Release|Any CPU
		{39AD2B05-1BAD-40D1-83CC-3B689350491A}.Release|ARM.ActiveCfg = Release|Any CPU
		{39AD2B05-1BAD-40D1-83CC-3B689350491A}.Release|ARM.Build.0 = Release|Any CPU
		{39AD2B05-1BAD-40D1-83CC-3B689350491A}.Release|ARM.Deploy.0 = Release|Any CPU
		{39AD2B05-1BAD-40D1-83CC-3B689350491A}.Release|iPhone.ActiveCfg = Release|Any CPU
		{39AD2B05-1BAD-40D1-83CC-3B689350491A}.Release|iPhone.Build.0 = Release|Any CPU
		{39AD2B05-1BAD-40D1-83CC-3B689350491A}.Release|iPhone.Deploy.0 = Release|Any CPU
		{39AD2B05-1BAD-40D1-83CC-3B689350491A}.Release|iPhoneSimulator.ActiveCfg = Release|Any CPU
		{39AD2B05-1BAD-40D1-83CC-3B689350491A}.Release|iPhoneSimulator.Build.0 = Release|Any CPU
		{39AD2B05-1BAD-40D1-83CC-3B689350491A}.Release|iPhoneSimulator.Deploy.0 = Release|Any CPU
		{39AD2B05-1BAD-40D1-83CC-3B689350491A}.Release|x64.ActiveCfg = Release|Any CPU
		{39AD2B05-1BAD-40D1-83CC-3B689350491A}.Release|x64.Build.0 = Release|Any CPU
		{39AD2B05-1BAD-40D1-83CC-3B689350491A}.Release|x64.Deploy.0 = Release|Any CPU
		{39AD2B05-1BAD-40D1-83CC-3B689350491A}.Release|x86.ActiveCfg = Release|Any CPU
		{39AD2B05-1BAD-40D1-83CC-3B689350491A}.Release|x86.Build.0 = Release|Any CPU
		{39AD2B05-1BAD-40D1-83CC-3B689350491A}.Release|x86.Deploy.0 = Release|Any CPU
	EndGlobalSection
	GlobalSection(SolutionProperties) = preSolution
		HideSolutionNode = FALSE
	EndGlobalSection
	GlobalSection(ExtensibilityGlobals) = postSolution
		SolutionGuid = {DFCF6020-A359-437B-9A3E-803D5D8119CD}
	EndGlobalSection
EndGlobal
